// !$*UTF8*$!
{
	archiveVersion = 1;
	classes = {
	};
	objectVersion = 50;
	objects = {

/* Begin PBXBuildFile section */
		BACE53E0243B35AE00A2F6A4 /* AppDelegate.swift in Sources */ = {isa = PBXBuildFile; fileRef = BACE53DF243B35AE00A2F6A4 /* AppDelegate.swift */; };
		BACE53E2243B35AE00A2F6A4 /* SceneDelegate.swift in Sources */ = {isa = PBXBuildFile; fileRef = BACE53E1243B35AE00A2F6A4 /* SceneDelegate.swift */; };
		BACE53E4243B35AE00A2F6A4 /* ViewController.swift in Sources */ = {isa = PBXBuildFile; fileRef = BACE53E3243B35AE00A2F6A4 /* ViewController.swift */; };
		BACE53E7243B35AE00A2F6A4 /* Main.storyboard in Resources */ = {isa = PBXBuildFile; fileRef = BACE53E5243B35AE00A2F6A4 /* Main.storyboard */; };
		BACE53E9243B35AF00A2F6A4 /* Assets.xcassets in Resources */ = {isa = PBXBuildFile; fileRef = BACE53E8243B35AF00A2F6A4 /* Assets.xcassets */; };
		BACE53EC243B35AF00A2F6A4 /* LaunchScreen.storyboard in Resources */ = {isa = PBXBuildFile; fileRef = BACE53EA243B35AF00A2F6A4 /* LaunchScreen.storyboard */; };
		BACE53F7243B35AF00A2F6A4 /* StaySafeTests.swift in Sources */ = {isa = PBXBuildFile; fileRef = BACE53F6243B35AF00A2F6A4 /* StaySafeTests.swift */; };
		BACE5402243B35AF00A2F6A4 /* StaySafeUITests.swift in Sources */ = {isa = PBXBuildFile; fileRef = BACE5401243B35AF00A2F6A4 /* StaySafeUITests.swift */; };
/* End PBXBuildFile section */

/* Begin PBXContainerItemProxy section */
		BACE53F3243B35AF00A2F6A4 /* PBXContainerItemProxy */ = {
			isa = PBXContainerItemProxy;
			containerPortal = BACE53D4243B35AE00A2F6A4 /* Project object */;
			proxyType = 1;
			remoteGlobalIDString = BACE53DB243B35AE00A2F6A4;
			remoteInfo = StaySafe;
		};
		BACE53FE243B35AF00A2F6A4 /* PBXContainerItemProxy */ = {
			isa = PBXContainerItemProxy;
			containerPortal = BACE53D4243B35AE00A2F6A4 /* Project object */;
			proxyType = 1;
			remoteGlobalIDString = BACE53DB243B35AE00A2F6A4;
			remoteInfo = StaySafe;
		};
/* End PBXContainerItemProxy section */

/* Begin PBXFileReference section */
		BACE53DC243B35AE00A2F6A4 /* StaySafe.app */ = {isa = PBXFileReference; explicitFileType = wrapper.application; includeInIndex = 0; path = StaySafe.app; sourceTree = BUILT_PRODUCTS_DIR; };
		BACE53DF243B35AE00A2F6A4 /* AppDelegate.swift */ = {isa = PBXFileReference; lastKnownFileType = sourcecode.swift; path = AppDelegate.swift; sourceTree = "<group>"; };
		BACE53E1243B35AE00A2F6A4 /* SceneDelegate.swift */ = {isa = PBXFileReference; lastKnownFileType = sourcecode.swift; path = SceneDelegate.swift; sourceTree = "<group>"; };
		BACE53E3243B35AE00A2F6A4 /* ViewController.swift */ = {isa = PBXFileReference; lastKnownFileType = sourcecode.swift; path = ViewController.swift; sourceTree = "<group>"; };
		BACE53E6243B35AE00A2F6A4 /* Base */ = {isa = PBXFileReference; lastKnownFileType = file.storyboard; name = Base; path = Base.lproj/Main.storyboard; sourceTree = "<group>"; };
		BACE53E8243B35AF00A2F6A4 /* Assets.xcassets */ = {isa = PBXFileReference; lastKnownFileType = folder.assetcatalog; path = Assets.xcassets; sourceTree = "<group>"; };
		BACE53EB243B35AF00A2F6A4 /* Base */ = {isa = PBXFileReference; lastKnownFileType = file.storyboard; name = Base; path = Base.lproj/LaunchScreen.storyboard; sourceTree = "<group>"; };
		BACE53ED243B35AF00A2F6A4 /* Info.plist */ = {isa = PBXFileReference; lastKnownFileType = text.plist.xml; path = Info.plist; sourceTree = "<group>"; };
		BACE53F2243B35AF00A2F6A4 /* StaySafeTests.xctest */ = {isa = PBXFileReference; explicitFileType = wrapper.cfbundle; includeInIndex = 0; path = StaySafeTests.xctest; sourceTree = BUILT_PRODUCTS_DIR; };
		BACE53F6243B35AF00A2F6A4 /* StaySafeTests.swift */ = {isa = PBXFileReference; lastKnownFileType = sourcecode.swift; path = StaySafeTests.swift; sourceTree = "<group>"; };
		BACE53F8243B35AF00A2F6A4 /* Info.plist */ = {isa = PBXFileReference; lastKnownFileType = text.plist.xml; path = Info.plist; sourceTree = "<group>"; };
		BACE53FD243B35AF00A2F6A4 /* StaySafeUITests.xctest */ = {isa = PBXFileReference; explicitFileType = wrapper.cfbundle; includeInIndex = 0; path = StaySafeUITests.xctest; sourceTree = BUILT_PRODUCTS_DIR; };
		BACE5401243B35AF00A2F6A4 /* StaySafeUITests.swift */ = {isa = PBXFileReference; lastKnownFileType = sourcecode.swift; path = StaySafeUITests.swift; sourceTree = "<group>"; };
		BACE5403243B35AF00A2F6A4 /* Info.plist */ = {isa = PBXFileReference; lastKnownFileType = text.plist.xml; path = Info.plist; sourceTree = "<group>"; };
/* End PBXFileReference section */

/* Begin PBXFrameworksBuildPhase section */
		BACE53D9243B35AE00A2F6A4 /* Frameworks */ = {
			isa = PBXFrameworksBuildPhase;
			buildActionMask = 2147483647;
			files = (
			);
			runOnlyForDeploymentPostprocessing = 0;
		};
		BACE53EF243B35AF00A2F6A4 /* Frameworks */ = {
			isa = PBXFrameworksBuildPhase;
			buildActionMask = 2147483647;
			files = (
			);
			runOnlyForDeploymentPostprocessing = 0;
		};
		BACE53FA243B35AF00A2F6A4 /* Frameworks */ = {
			isa = PBXFrameworksBuildPhase;
			buildActionMask = 2147483647;
			files = (
			);
			runOnlyForDeploymentPostprocessing = 0;
		};
/* End PBXFrameworksBuildPhase section */

/* Begin PBXGroup section */
		BACE53D3243B35AE00A2F6A4 = {
			isa = PBXGroup;
			children = (
				BACE53DE243B35AE00A2F6A4 /* StaySafe */,
				BACE53F5243B35AF00A2F6A4 /* StaySafeTests */,
				BACE5400243B35AF00A2F6A4 /* StaySafeUITests */,
				BACE53DD243B35AE00A2F6A4 /* Products */,
			);
			sourceTree = "<group>";
		};
		BACE53DD243B35AE00A2F6A4 /* Products */ = {
			isa = PBXGroup;
			children = (
				BACE53DC243B35AE00A2F6A4 /* StaySafe.app */,
				BACE53F2243B35AF00A2F6A4 /* StaySafeTests.xctest */,
				BACE53FD243B35AF00A2F6A4 /* StaySafeUITests.xctest */,
			);
			name = Products;
			sourceTree = "<group>";
		};
		BACE53DE243B35AE00A2F6A4 /* StaySafe */ = {
			isa = PBXGroup;
			children = (
				BACE53DF243B35AE00A2F6A4 /* AppDelegate.swift */,
				BACE53E1243B35AE00A2F6A4 /* SceneDelegate.swift */,
				BACE53E3243B35AE00A2F6A4 /* ViewController.swift */,
				BACE53E5243B35AE00A2F6A4 /* Main.storyboard */,
				BACE53E8243B35AF00A2F6A4 /* Assets.xcassets */,
				BACE53EA243B35AF00A2F6A4 /* LaunchScreen.storyboard */,
				BACE53ED243B35AF00A2F6A4 /* Info.plist */,
			);
			path = StaySafe;
			sourceTree = "<group>";
		};
		BACE53F5243B35AF00A2F6A4 /* StaySafeTests */ = {
			isa = PBXGroup;
			children = (
				BACE53F6243B35AF00A2F6A4 /* StaySafeTests.swift */,
				BACE53F8243B35AF00A2F6A4 /* Info.plist */,
			);
			path = StaySafeTests;
			sourceTree = "<group>";
		};
		BACE5400243B35AF00A2F6A4 /* StaySafeUITests */ = {
			isa = PBXGroup;
			children = (
				BACE5401243B35AF00A2F6A4 /* StaySafeUITests.swift */,
				BACE5403243B35AF00A2F6A4 /* Info.plist */,
			);
			path = StaySafeUITests;
			sourceTree = "<group>";
		};
/* End PBXGroup section */

/* Begin PBXNativeTarget section */
		BACE53DB243B35AE00A2F6A4 /* StaySafe */ = {
			isa = PBXNativeTarget;
			buildConfigurationList = BACE5406243B35AF00A2F6A4 /* Build configuration list for PBXNativeTarget "StaySafe" */;
			buildPhases = (
				BACE53D8243B35AE00A2F6A4 /* Sources */,
				BACE53D9243B35AE00A2F6A4 /* Frameworks */,
				BACE53DA243B35AE00A2F6A4 /* Resources */,
			);
			buildRules = (
			);
			dependencies = (
			);
			name = StaySafe;
			productName = StaySafe;
			productReference = BACE53DC243B35AE00A2F6A4 /* StaySafe.app */;
			productType = "com.apple.product-type.application";
		};
		BACE53F1243B35AF00A2F6A4 /* StaySafeTests */ = {
			isa = PBXNativeTarget;
			buildConfigurationList = BACE5409243B35AF00A2F6A4 /* Build configuration list for PBXNativeTarget "StaySafeTests" */;
			buildPhases = (
				BACE53EE243B35AF00A2F6A4 /* Sources */,
				BACE53EF243B35AF00A2F6A4 /* Frameworks */,
				BACE53F0243B35AF00A2F6A4 /* Resources */,
			);
			buildRules = (
			);
			dependencies = (
				BACE53F4243B35AF00A2F6A4 /* PBXTargetDependency */,
			);
			name = StaySafeTests;
			productName = StaySafeTests;
			productReference = BACE53F2243B35AF00A2F6A4 /* StaySafeTests.xctest */;
			productType = "com.apple.product-type.bundle.unit-test";
		};
		BACE53FC243B35AF00A2F6A4 /* StaySafeUITests */ = {
			isa = PBXNativeTarget;
			buildConfigurationList = BACE540C243B35AF00A2F6A4 /* Build configuration list for PBXNativeTarget "StaySafeUITests" */;
			buildPhases = (
				BACE53F9243B35AF00A2F6A4 /* Sources */,
				BACE53FA243B35AF00A2F6A4 /* Frameworks */,
				BACE53FB243B35AF00A2F6A4 /* Resources */,
			);
			buildRules = (
			);
			dependencies = (
				BACE53FF243B35AF00A2F6A4 /* PBXTargetDependency */,
			);
			name = StaySafeUITests;
			productName = StaySafeUITests;
			productReference = BACE53FD243B35AF00A2F6A4 /* StaySafeUITests.xctest */;
			productType = "com.apple.product-type.bundle.ui-testing";
		};
/* End PBXNativeTarget section */

/* Begin PBXProject section */
		BACE53D4243B35AE00A2F6A4 /* Project object */ = {
			isa = PBXProject;
			attributes = {
				LastSwiftUpdateCheck = 1140;
				LastUpgradeCheck = 1140;
				ORGANIZATIONNAME = iProgram;
				TargetAttributes = {
					BACE53DB243B35AE00A2F6A4 = {
						CreatedOnToolsVersion = 11.4;
					};
					BACE53F1243B35AF00A2F6A4 = {
						CreatedOnToolsVersion = 11.4;
						TestTargetID = BACE53DB243B35AE00A2F6A4;
					};
					BACE53FC243B35AF00A2F6A4 = {
						CreatedOnToolsVersion = 11.4;
						TestTargetID = BACE53DB243B35AE00A2F6A4;
					};
				};
			};
			buildConfigurationList = BACE53D7243B35AE00A2F6A4 /* Build configuration list for PBXProject "StaySafe" */;
			compatibilityVersion = "Xcode 9.3";
			developmentRegion = en;
			hasScannedForEncodings = 0;
			knownRegions = (
				en,
				Base,
			);
			mainGroup = BACE53D3243B35AE00A2F6A4;
			productRefGroup = BACE53DD243B35AE00A2F6A4 /* Products */;
			projectDirPath = "";
			projectRoot = "";
			targets = (
				BACE53DB243B35AE00A2F6A4 /* StaySafe */,
				BACE53F1243B35AF00A2F6A4 /* StaySafeTests */,
				BACE53FC243B35AF00A2F6A4 /* StaySafeUITests */,
			);
		};
/* End PBXProject section */

/* Begin PBXResourcesBuildPhase section */
		BACE53DA243B35AE00A2F6A4 /* Resources */ = {
			isa = PBXResourcesBuildPhase;
			buildActionMask = 2147483647;
			files = (
				BACE53EC243B35AF00A2F6A4 /* LaunchScreen.storyboard in Resources */,
				BACE53E9243B35AF00A2F6A4 /* Assets.xcassets in Resources */,
				BACE53E7243B35AE00A2F6A4 /* Main.storyboard in Resources */,
			);
			runOnlyForDeploymentPostprocessing = 0;
		};
		BACE53F0243B35AF00A2F6A4 /* Resources */ = {
			isa = PBXResourcesBuildPhase;
			buildActionMask = 2147483647;
			files = (
			);
			runOnlyForDeploymentPostprocessing = 0;
		};
		BACE53FB243B35AF00A2F6A4 /* Resources */ = {
			isa = PBXResourcesBuildPhase;
			buildActionMask = 2147483647;
			files = (
			);
			runOnlyForDeploymentPostprocessing = 0;
		};
/* End PBXResourcesBuildPhase section */

/* Begin PBXSourcesBuildPhase section */
		BACE53D8243B35AE00A2F6A4 /* Sources */ = {
			isa = PBXSourcesBuildPhase;
			buildActionMask = 2147483647;
			files = (
				BACE53E4243B35AE00A2F6A4 /* ViewController.swift in Sources */,
				BACE53E0243B35AE00A2F6A4 /* AppDelegate.swift in Sources */,
				BACE53E2243B35AE00A2F6A4 /* SceneDelegate.swift in Sources */,
			);
			runOnlyForDeploymentPostprocessing = 0;
		};
		BACE53EE243B35AF00A2F6A4 /* Sources */ = {
			isa = PBXSourcesBuildPhase;
			buildActionMask = 2147483647;
			files = (
				BACE53F7243B35AF00A2F6A4 /* StaySafeTests.swift in Sources */,
			);
			runOnlyForDeploymentPostprocessing = 0;
		};
		BACE53F9243B35AF00A2F6A4 /* Sources */ = {
			isa = PBXSourcesBuildPhase;
			buildActionMask = 2147483647;
			files = (
				BACE5402243B35AF00A2F6A4 /* StaySafeUITests.swift in Sources */,
			);
			runOnlyForDeploymentPostprocessing = 0;
		};
/* End PBXSourcesBuildPhase section */

/* Begin PBXTargetDependency section */
		BACE53F4243B35AF00A2F6A4 /* PBXTargetDependency */ = {
			isa = PBXTargetDependency;
			target = BACE53DB243B35AE00A2F6A4 /* StaySafe */;
			targetProxy = BACE53F3243B35AF00A2F6A4 /* PBXContainerItemProxy */;
		};
		BACE53FF243B35AF00A2F6A4 /* PBXTargetDependency */ = {
			isa = PBXTargetDependency;
			target = BACE53DB243B35AE00A2F6A4 /* StaySafe */;
			targetProxy = BACE53FE243B35AF00A2F6A4 /* PBXContainerItemProxy */;
		};
/* End PBXTargetDependency section */

/* Begin PBXVariantGroup section */
		BACE53E5243B35AE00A2F6A4 /* Main.storyboard */ = {
			isa = PBXVariantGroup;
			children = (
				BACE53E6243B35AE00A2F6A4 /* Base */,
			);
			name = Main.storyboard;
			sourceTree = "<group>";
		};
		BACE53EA243B35AF00A2F6A4 /* LaunchScreen.storyboard */ = {
			isa = PBXVariantGroup;
			children = (
				BACE53EB243B35AF00A2F6A4 /* Base */,
			);
			name = LaunchScreen.storyboard;
			sourceTree = "<group>";
		};
/* End PBXVariantGroup section */

/* Begin XCBuildConfiguration section */
		BACE5404243B35AF00A2F6A4 /* Debug */ = {
			isa = XCBuildConfiguration;
			buildSettings = {
				ALWAYS_SEARCH_USER_PATHS = NO;
				CLANG_ANALYZER_NONNULL = YES;
				CLANG_ANALYZER_NUMBER_OBJECT_CONVERSION = YES_AGGRESSIVE;
				CLANG_CXX_LANGUAGE_STANDARD = "gnu++14";
				CLANG_CXX_LIBRARY = "libc++";
				CLANG_ENABLE_MODULES = YES;
				CLANG_ENABLE_OBJC_ARC = YES;
				CLANG_ENABLE_OBJC_WEAK = YES;
				CLANG_WARN_BLOCK_CAPTURE_AUTORELEASING = YES;
				CLANG_WARN_BOOL_CONVERSION = YES;
				CLANG_WARN_COMMA = YES;
				CLANG_WARN_CONSTANT_CONVERSION = YES;
				CLANG_WARN_DEPRECATED_OBJC_IMPLEMENTATIONS = YES;
				CLANG_WARN_DIRECT_OBJC_ISA_USAGE = YES_ERROR;
				CLANG_WARN_DOCUMENTATION_COMMENTS = YES;
				CLANG_WARN_EMPTY_BODY = YES;
				CLANG_WARN_ENUM_CONVERSION = YES;
				CLANG_WARN_INFINITE_RECURSION = YES;
				CLANG_WARN_INT_CONVERSION = YES;
				CLANG_WARN_NON_LITERAL_NULL_CONVERSION = YES;
				CLANG_WARN_OBJC_IMPLICIT_RETAIN_SELF = YES;
				CLANG_WARN_OBJC_LITERAL_CONVERSION = YES;
				CLANG_WARN_OBJC_ROOT_CLASS = YES_ERROR;
				CLANG_WARN_RANGE_LOOP_ANALYSIS = YES;
				CLANG_WARN_STRICT_PROTOTYPES = YES;
				CLANG_WARN_SUSPICIOUS_MOVE = YES;
				CLANG_WARN_UNGUARDED_AVAILABILITY = YES_AGGRESSIVE;
				CLANG_WARN_UNREACHABLE_CODE = YES;
				CLANG_WARN__DUPLICATE_METHOD_MATCH = YES;
				COPY_PHASE_STRIP = NO;
				DEBUG_INFORMATION_FORMAT = dwarf;
				ENABLE_STRICT_OBJC_MSGSEND = YES;
				ENABLE_TESTABILITY = YES;
				GCC_C_LANGUAGE_STANDARD = gnu11;
				GCC_DYNAMIC_NO_PIC = NO;
				GCC_NO_COMMON_BLOCKS = YES;
				GCC_OPTIMIZATION_LEVEL = 0;
				GCC_PREPROCESSOR_DEFINITIONS = (
					"DEBUG=1",
					"$(inherited)",
				);
				GCC_WARN_64_TO_32_BIT_CONVERSION = YES;
				GCC_WARN_ABOUT_RETURN_TYPE = YES_ERROR;
				GCC_WARN_UNDECLARED_SELECTOR = YES;
				GCC_WARN_UNINITIALIZED_AUTOS = YES_AGGRESSIVE;
				GCC_WARN_UNUSED_FUNCTION = YES;
				GCC_WARN_UNUSED_VARIABLE = YES;
				IPHONEOS_DEPLOYMENT_TARGET = 13.4;
				MTL_ENABLE_DEBUG_INFO = INCLUDE_SOURCE;
				MTL_FAST_MATH = YES;
				ONLY_ACTIVE_ARCH = YES;
				SDKROOT = iphoneos;
				SWIFT_ACTIVE_COMPILATION_CONDITIONS = DEBUG;
				SWIFT_OPTIMIZATION_LEVEL = "-Onone";
			};
			name = Debug;
		};
		BACE5405243B35AF00A2F6A4 /* Release */ = {
			isa = XCBuildConfiguration;
			buildSettings = {
				ALWAYS_SEARCH_USER_PATHS = NO;
				CLANG_ANALYZER_NONNULL = YES;
				CLANG_ANALYZER_NUMBER_OBJECT_CONVERSION = YES_AGGRESSIVE;
				CLANG_CXX_LANGUAGE_STANDARD = "gnu++14";
				CLANG_CXX_LIBRARY = "libc++";
				CLANG_ENABLE_MODULES = YES;
				CLANG_ENABLE_OBJC_ARC = YES;
				CLANG_ENABLE_OBJC_WEAK = YES;
				CLANG_WARN_BLOCK_CAPTURE_AUTORELEASING = YES;
				CLANG_WARN_BOOL_CONVERSION = YES;
				CLANG_WARN_COMMA = YES;
				CLANG_WARN_CONSTANT_CONVERSION = YES;
				CLANG_WARN_DEPRECATED_OBJC_IMPLEMENTATIONS = YES;
				CLANG_WARN_DIRECT_OBJC_ISA_USAGE = YES_ERROR;
				CLANG_WARN_DOCUMENTATION_COMMENTS = YES;
				CLANG_WARN_EMPTY_BODY = YES;
				CLANG_WARN_ENUM_CONVERSION = YES;
				CLANG_WARN_INFINITE_RECURSION = YES;
				CLANG_WARN_INT_CONVERSION = YES;
				CLANG_WARN_NON_LITERAL_NULL_CONVERSION = YES;
				CLANG_WARN_OBJC_IMPLICIT_RETAIN_SELF = YES;
				CLANG_WARN_OBJC_LITERAL_CONVERSION = YES;
				CLANG_WARN_OBJC_ROOT_CLASS = YES_ERROR;
				CLANG_WARN_RANGE_LOOP_ANALYSIS = YES;
				CLANG_WARN_STRICT_PROTOTYPES = YES;
				CLANG_WARN_SUSPICIOUS_MOVE = YES;
				CLANG_WARN_UNGUARDED_AVAILABILITY = YES_AGGRESSIVE;
				CLANG_WARN_UNREACHABLE_CODE = YES;
				CLANG_WARN__DUPLICATE_METHOD_MATCH = YES;
				COPY_PHASE_STRIP = NO;
				DEBUG_INFORMATION_FORMAT = "dwarf-with-dsym";
				ENABLE_NS_ASSERTIONS = NO;
				ENABLE_STRICT_OBJC_MSGSEND = YES;
				GCC_C_LANGUAGE_STANDARD = gnu11;
				GCC_NO_COMMON_BLOCKS = YES;
				GCC_WARN_64_TO_32_BIT_CONVERSION = YES;
				GCC_WARN_ABOUT_RETURN_TYPE = YES_ERROR;
				GCC_WARN_UNDECLARED_SELECTOR = YES;
				GCC_WARN_UNINITIALIZED_AUTOS = YES_AGGRESSIVE;
				GCC_WARN_UNUSED_FUNCTION = YES;
				GCC_WARN_UNUSED_VARIABLE = YES;
				IPHONEOS_DEPLOYMENT_TARGET = 13.4;
				MTL_ENABLE_DEBUG_INFO = NO;
				MTL_FAST_MATH = YES;
				SDKROOT = iphoneos;
				SWIFT_COMPILATION_MODE = wholemodule;
				SWIFT_OPTIMIZATION_LEVEL = "-O";
				VALIDATE_PRODUCT = YES;
			};
			name = Release;
		};
		BACE5407243B35AF00A2F6A4 /* Debug */ = {
			isa = XCBuildConfiguration;
			buildSettings = {
				ASSETCATALOG_COMPILER_APPICON_NAME = AppIcon;
				CODE_SIGN_STYLE = Automatic;
				DEVELOPMENT_TEAM = 473EN4MVVH;
				INFOPLIST_FILE = StaySafe/Info.plist;
				LD_RUNPATH_SEARCH_PATHS = (
					"$(inherited)",
					"@executable_path/Frameworks",
				);
				PRODUCT_BUNDLE_IDENTIFIER = nz.co.iprogram.StaySafe;
				PRODUCT_NAME = "$(TARGET_NAME)";
				SWIFT_VERSION = 5.0;
				TARGETED_DEVICE_FAMILY = "1,2";
			};
			name = Debug;
		};
		BACE5408243B35AF00A2F6A4 /* Release */ = {
			isa = XCBuildConfiguration;
			buildSettings = {
				ASSETCATALOG_COMPILER_APPICON_NAME = AppIcon;
				CODE_SIGN_STYLE = Automatic;
				DEVELOPMENT_TEAM = 473EN4MVVH;
				INFOPLIST_FILE = StaySafe/Info.plist;
				LD_RUNPATH_SEARCH_PATHS = (
					"$(inherited)",
					"@executable_path/Frameworks",
				);
				PRODUCT_BUNDLE_IDENTIFIER = nz.co.iprogram.StaySafe;
				PRODUCT_NAME = "$(TARGET_NAME)";
				SWIFT_VERSION = 5.0;
				TARGETED_DEVICE_FAMILY = "1,2";
			};
			name = Release;
		};
		BACE540A243B35AF00A2F6A4 /* Debug */ = {
			isa = XCBuildConfiguration;
			buildSettings = {
				ALWAYS_EMBED_SWIFT_STANDARD_LIBRARIES = YES;
				BUNDLE_LOADER = "$(TEST_HOST)";
				CODE_SIGN_STYLE = Automatic;
				DEVELOPMENT_TEAM = 473EN4MVVH;
				INFOPLIST_FILE = StaySafeTests/Info.plist;
				IPHONEOS_DEPLOYMENT_TARGET = 13.4;
				LD_RUNPATH_SEARCH_PATHS = (
					"$(inherited)",
					"@executable_path/Frameworks",
					"@loader_path/Frameworks",
				);
				PRODUCT_BUNDLE_IDENTIFIER = nz.co.iprogram.StaySafeTests;
				PRODUCT_NAME = "$(TARGET_NAME)";
				SWIFT_VERSION = 5.0;
				TARGETED_DEVICE_FAMILY = "1,2";
				TEST_HOST = "$(BUILT_PRODUCTS_DIR)/StaySafe.app/StaySafe";
			};
			name = Debug;
		};
		BACE540B243B35AF00A2F6A4 /* Release */ = {
			isa = XCBuildConfiguration;
			buildSettings = {
				ALWAYS_EMBED_SWIFT_STANDARD_LIBRARIES = YES;
				BUNDLE_LOADER = "$(TEST_HOST)";
				CODE_SIGN_STYLE = Automatic;
				DEVELOPMENT_TEAM = 473EN4MVVH;
				INFOPLIST_FILE = StaySafeTests/Info.plist;
				IPHONEOS_DEPLOYMENT_TARGET = 13.4;
				LD_RUNPATH_SEARCH_PATHS = (
					"$(inherited)",
					"@executable_path/Frameworks",
					"@loader_path/Frameworks",
				);
				PRODUCT_BUNDLE_IDENTIFIER = nz.co.iprogram.StaySafeTests;
				PRODUCT_NAME = "$(TARGET_NAME)";
				SWIFT_VERSION = 5.0;
				TARGETED_DEVICE_FAMILY = "1,2";
				TEST_HOST = "$(BUILT_PRODUCTS_DIR)/StaySafe.app/StaySafe";
			};
			name = Release;
		};
		BACE540D243B35AF00A2F6A4 /* Debug */ = {
			isa = XCBuildConfiguration;
			buildSettings = {
				ALWAYS_EMBED_SWIFT_STANDARD_LIBRARIES = YES;
				CODE_SIGN_STYLE = Automatic;
				DEVELOPMENT_TEAM = 473EN4MVVH;
				INFOPLIST_FILE = StaySafeUITests/Info.plist;
				LD_RUNPATH_SEARCH_PATHS = (
					"$(inherited)",
					"@executable_path/Frameworks",
					"@loader_path/Frameworks",
				);
				PRODUCT_BUNDLE_IDENTIFIER = nz.co.iprogram.StaySafeUITests;
				PRODUCT_NAME = "$(TARGET_NAME)";
				SWIFT_VERSION = 5.0;
				TARGETED_DEVICE_FAMILY = "1,2";
				TEST_TARGET_NAME = StaySafe;
			};
			name = Debug;
		};
		BACE540E243B35AF00A2F6A4 /* Release */ = {
			isa = XCBuildConfiguration;
			buildSettings = {
				ALWAYS_EMBED_SWIFT_STANDARD_LIBRARIES = YES;
				CODE_SIGN_STYLE = Automatic;
				DEVELOPMENT_TEAM = 473EN4MVVH;
				INFOPLIST_FILE = StaySafeUITests/Info.plist;
				LD_RUNPATH_SEARCH_PATHS = (
					"$(inherited)",
					"@executable_path/Frameworks",
					"@loader_path/Frameworks",
				);
				PRODUCT_BUNDLE_IDENTIFIER = nz.co.iprogram.StaySafeUITests;
				PRODUCT_NAME = "$(TARGET_NAME)";
				SWIFT_VERSION = 5.0;
				TARGETED_DEVICE_FAMILY = "1,2";
				TEST_TARGET_NAME = StaySafe;
			};
			name = Release;
		};
/* End XCBuildConfiguration section */

/* Begin XCConfigurationList section */
		BACE53D7243B35AE00A2F6A4 /* Build configuration list for PBXProject "StaySafe" */ = {
			isa = XCConfigurationList;
			buildConfigurations = (
				BACE5404243B35AF00A2F6A4 /* Debug */,
				BACE5405243B35AF00A2F6A4 /* Release */,
			);
			defaultConfigurationIsVisible = 0;
			defaultConfigurationName = Release;
		};
		BACE5406243B35AF00A2F6A4 /* Build configuration list for PBXNativeTarget "StaySafe" */ = {
			isa = XCConfigurationList;
			buildConfigurations = (
				BACE5407243B35AF00A2F6A4 /* Debug */,
				BACE5408243B35AF00A2F6A4 /* Release */,
			);
			defaultConfigurationIsVisible = 0;
			defaultConfigurationName = Release;
		};
		BACE5409243B35AF00A2F6A4 /* Build configuration list for PBXNativeTarget "StaySafeTests" */ = {
			isa = XCConfigurationList;
			buildConfigurations = (
				BACE540A243B35AF00A2F6A4 /* Debug */,
				BACE540B243B35AF00A2F6A4 /* Release */,
			);
			defaultConfigurationIsVisible = 0;
			defaultConfigurationName = Release;
		};
		BACE540C243B35AF00A2F6A4 /* Build configuration list for PBXNativeTarget "StaySafeUITests" */ = {
			isa = XCConfigurationList;
			buildConfigurations = (
				BACE540D243B35AF00A2F6A4 /* Debug */,
				BACE540E243B35AF00A2F6A4 /* Release */,
			);
			defaultConfigurationIsVisible = 0;
			defaultConfigurationName = Release;
		};
/* End XCConfigurationList section */
	};
	rootObject = BACE53D4243B35AE00A2F6A4 /* Project object */;
}
