// !$*UTF8*$!
{
	archiveVersion = 1;
	classes = {
	};
	objectVersion = 51;
	objects = {

/* Begin PBXBuildFile section */
		3FA06BC131C3E9B427B1F3CC /* Pods_StaySafe.framework in Frameworks */ = {isa = PBXBuildFile; fileRef = B8BC1A2AF7112B28FA585EE7 /* Pods_StaySafe.framework */; };
		9B2BB67EC37BBD9A2CC235A8 /* Pods_StaySafeTests.framework in Frameworks */ = {isa = PBXBuildFile; fileRef = 21B4A667F7E850C167DEE6C0 /* Pods_StaySafeTests.framework */; };
		BA27EFB4243C876B00BAA0FE /* CloudKit.framework in Frameworks */ = {isa = PBXBuildFile; fileRef = BA27EFB3243C876B00BAA0FE /* CloudKit.framework */; };
		BA33413E244006BD0095BBE7 /* DataModel.xcdatamodeld in Sources */ = {isa = PBXBuildFile; fileRef = BA33413C244006BD0095BBE7 /* DataModel.xcdatamodeld */; };
		BA3341442440164F0095BBE7 /* DataModelManager.swift in Sources */ = {isa = PBXBuildFile; fileRef = BA3341432440164F0095BBE7 /* DataModelManager.swift */; };
		BA33414724402F550095BBE7 /* UserDefaults+.swift in Sources */ = {isa = PBXBuildFile; fileRef = BA33414624402F550095BBE7 /* UserDefaults+.swift */; };
		BA570327243F06A400343016 /* CheckinViewController.swift in Sources */ = {isa = PBXBuildFile; fileRef = BA570321243F06A400343016 /* CheckinViewController.swift */; };
		BA570328243F06A400343016 /* CheckinViewModel.swift in Sources */ = {isa = PBXBuildFile; fileRef = BA570323243F06A400343016 /* CheckinViewModel.swift */; };
		BA570329243F06A400343016 /* CheckinCell.swift in Sources */ = {isa = PBXBuildFile; fileRef = BA570325243F06A400343016 /* CheckinCell.swift */; };
		BA57032A243F06A400343016 /* CheckinCell.xib in Resources */ = {isa = PBXBuildFile; fileRef = BA570326243F06A400343016 /* CheckinCell.xib */; };
		BA570331243F096500343016 /* UITableView+.swift in Sources */ = {isa = PBXBuildFile; fileRef = BA57032F243F096500343016 /* UITableView+.swift */; };
		BA570332243F096500343016 /* UIStoryboard+.swift in Sources */ = {isa = PBXBuildFile; fileRef = BA570330243F096500343016 /* UIStoryboard+.swift */; };
		BA570334243F098800343016 /* UIViewController+.swift in Sources */ = {isa = PBXBuildFile; fileRef = BA570333243F098800343016 /* UIViewController+.swift */; };
		BACE53E0243B35AE00A2F6A4 /* AppDelegate.swift in Sources */ = {isa = PBXBuildFile; fileRef = BACE53DF243B35AE00A2F6A4 /* AppDelegate.swift */; };
		BACE53E2243B35AE00A2F6A4 /* SceneDelegate.swift in Sources */ = {isa = PBXBuildFile; fileRef = BACE53E1243B35AE00A2F6A4 /* SceneDelegate.swift */; };
		BACE53E4243B35AE00A2F6A4 /* ViewController.swift in Sources */ = {isa = PBXBuildFile; fileRef = BACE53E3243B35AE00A2F6A4 /* ViewController.swift */; };
		BACE53E7243B35AE00A2F6A4 /* Main.storyboard in Resources */ = {isa = PBXBuildFile; fileRef = BACE53E5243B35AE00A2F6A4 /* Main.storyboard */; };
		BACE53E9243B35AF00A2F6A4 /* Assets.xcassets in Resources */ = {isa = PBXBuildFile; fileRef = BACE53E8243B35AF00A2F6A4 /* Assets.xcassets */; };
		BACE53EC243B35AF00A2F6A4 /* LaunchScreen.storyboard in Resources */ = {isa = PBXBuildFile; fileRef = BACE53EA243B35AF00A2F6A4 /* LaunchScreen.storyboard */; };
		BACE53F7243B35AF00A2F6A4 /* StaySafeTests.swift in Sources */ = {isa = PBXBuildFile; fileRef = BACE53F6243B35AF00A2F6A4 /* StaySafeTests.swift */; };
		BACE5402243B35AF00A2F6A4 /* StaySafeUITests.swift in Sources */ = {isa = PBXBuildFile; fileRef = BACE5401243B35AF00A2F6A4 /* StaySafeUITests.swift */; };
		BADAEADC243DC79D00C2A1C9 /* QRGeneratorView.swift in Sources */ = {isa = PBXBuildFile; fileRef = BADAEADB243DC79D00C2A1C9 /* QRGeneratorView.swift */; };
		BADAEADE243DC82000C2A1C9 /* QRScannerView.swift in Sources */ = {isa = PBXBuildFile; fileRef = BADAEADD243DC82000C2A1C9 /* QRScannerView.swift */; };
		BADAEAE2243DD45800C2A1C9 /* UIViewController+Alert.swift in Sources */ = {isa = PBXBuildFile; fileRef = BADAEAE1243DD45800C2A1C9 /* UIViewController+Alert.swift */; };
		BAE604CC243C6A11009FC142 /* MerchantViewController.swift in Sources */ = {isa = PBXBuildFile; fileRef = BAE604CB243C6A11009FC142 /* MerchantViewController.swift */; };
/* End PBXBuildFile section */

/* Begin PBXContainerItemProxy section */
		BACE53F3243B35AF00A2F6A4 /* PBXContainerItemProxy */ = {
			isa = PBXContainerItemProxy;
			containerPortal = BACE53D4243B35AE00A2F6A4 /* Project object */;
			proxyType = 1;
			remoteGlobalIDString = BACE53DB243B35AE00A2F6A4;
			remoteInfo = StaySafe;
		};
		BACE53FE243B35AF00A2F6A4 /* PBXContainerItemProxy */ = {
			isa = PBXContainerItemProxy;
			containerPortal = BACE53D4243B35AE00A2F6A4 /* Project object */;
			proxyType = 1;
			remoteGlobalIDString = BACE53DB243B35AE00A2F6A4;
			remoteInfo = StaySafe;
		};
/* End PBXContainerItemProxy section */

/* Begin PBXFileReference section */
		035059FAFE58791F3639BE91 /* Pods-StaySafe.debug.xcconfig */ = {isa = PBXFileReference; includeInIndex = 1; lastKnownFileType = text.xcconfig; name = "Pods-StaySafe.debug.xcconfig"; path = "Target Support Files/Pods-StaySafe/Pods-StaySafe.debug.xcconfig"; sourceTree = "<group>"; };
		21B4A667F7E850C167DEE6C0 /* Pods_StaySafeTests.framework */ = {isa = PBXFileReference; explicitFileType = wrapper.framework; includeInIndex = 0; path = Pods_StaySafeTests.framework; sourceTree = BUILT_PRODUCTS_DIR; };
		2C5B0EF4ECAD40ECDBDEAEFA /* Pods-StaySafeTests.debug.xcconfig */ = {isa = PBXFileReference; includeInIndex = 1; lastKnownFileType = text.xcconfig; name = "Pods-StaySafeTests.debug.xcconfig"; path = "Target Support Files/Pods-StaySafeTests/Pods-StaySafeTests.debug.xcconfig"; sourceTree = "<group>"; };
		47DBC603263B2EAB3CE228F6 /* Pods-StaySafeTests.release.xcconfig */ = {isa = PBXFileReference; includeInIndex = 1; lastKnownFileType = text.xcconfig; name = "Pods-StaySafeTests.release.xcconfig"; path = "Target Support Files/Pods-StaySafeTests/Pods-StaySafeTests.release.xcconfig"; sourceTree = "<group>"; };
		B8BC1A2AF7112B28FA585EE7 /* Pods_StaySafe.framework */ = {isa = PBXFileReference; explicitFileType = wrapper.framework; includeInIndex = 0; path = Pods_StaySafe.framework; sourceTree = BUILT_PRODUCTS_DIR; };
		BA27EFB2243C876000BAA0FE /* Covid Alert.entitlements */ = {isa = PBXFileReference; lastKnownFileType = text.plist.entitlements; path = "Covid Alert.entitlements"; sourceTree = "<group>"; };
		BA27EFB3243C876B00BAA0FE /* CloudKit.framework */ = {isa = PBXFileReference; lastKnownFileType = wrapper.framework; name = CloudKit.framework; path = System/Library/Frameworks/CloudKit.framework; sourceTree = SDKROOT; };
		BA33413D244006BD0095BBE7 /* DataModel.xcdatamodel */ = {isa = PBXFileReference; lastKnownFileType = wrapper.xcdatamodel; path = DataModel.xcdatamodel; sourceTree = "<group>"; };
		BA3341432440164F0095BBE7 /* DataModelManager.swift */ = {isa = PBXFileReference; lastKnownFileType = sourcecode.swift; path = DataModelManager.swift; sourceTree = "<group>"; };
		BA33414524401CAA0095BBE7 /* DataModel 2.xcdatamodel */ = {isa = PBXFileReference; lastKnownFileType = wrapper.xcdatamodel; path = "DataModel 2.xcdatamodel"; sourceTree = "<group>"; };
		BA33414624402F550095BBE7 /* UserDefaults+.swift */ = {isa = PBXFileReference; lastKnownFileType = sourcecode.swift; path = "UserDefaults+.swift"; sourceTree = "<group>"; };
		BA570321243F06A400343016 /* CheckinViewController.swift */ = {isa = PBXFileReference; fileEncoding = 4; lastKnownFileType = sourcecode.swift; path = CheckinViewController.swift; sourceTree = "<group>"; };
		BA570323243F06A400343016 /* CheckinViewModel.swift */ = {isa = PBXFileReference; fileEncoding = 4; lastKnownFileType = sourcecode.swift; path = CheckinViewModel.swift; sourceTree = "<group>"; };
		BA570325243F06A400343016 /* CheckinCell.swift */ = {isa = PBXFileReference; fileEncoding = 4; lastKnownFileType = sourcecode.swift; path = CheckinCell.swift; sourceTree = "<group>"; };
		BA570326243F06A400343016 /* CheckinCell.xib */ = {isa = PBXFileReference; fileEncoding = 4; lastKnownFileType = file.xib; path = CheckinCell.xib; sourceTree = "<group>"; };
		BA57032F243F096500343016 /* UITableView+.swift */ = {isa = PBXFileReference; fileEncoding = 4; lastKnownFileType = sourcecode.swift; path = "UITableView+.swift"; sourceTree = "<group>"; };
		BA570330243F096500343016 /* UIStoryboard+.swift */ = {isa = PBXFileReference; fileEncoding = 4; lastKnownFileType = sourcecode.swift; path = "UIStoryboard+.swift"; sourceTree = "<group>"; };
		BA570333243F098800343016 /* UIViewController+.swift */ = {isa = PBXFileReference; fileEncoding = 4; lastKnownFileType = sourcecode.swift; path = "UIViewController+.swift"; sourceTree = "<group>"; };
		BACE53DC243B35AE00A2F6A4 /* COVID-Alert.app */ = {isa = PBXFileReference; explicitFileType = wrapper.application; includeInIndex = 0; path = "COVID-Alert.app"; sourceTree = BUILT_PRODUCTS_DIR; };
		BACE53DF243B35AE00A2F6A4 /* AppDelegate.swift */ = {isa = PBXFileReference; lastKnownFileType = sourcecode.swift; path = AppDelegate.swift; sourceTree = "<group>"; };
		BACE53E1243B35AE00A2F6A4 /* SceneDelegate.swift */ = {isa = PBXFileReference; lastKnownFileType = sourcecode.swift; path = SceneDelegate.swift; sourceTree = "<group>"; };
		BACE53E3243B35AE00A2F6A4 /* ViewController.swift */ = {isa = PBXFileReference; lastKnownFileType = sourcecode.swift; path = ViewController.swift; sourceTree = "<group>"; };
		BACE53E6243B35AE00A2F6A4 /* Base */ = {isa = PBXFileReference; lastKnownFileType = file.storyboard; name = Base; path = Base.lproj/Main.storyboard; sourceTree = "<group>"; };
		BACE53E8243B35AF00A2F6A4 /* Assets.xcassets */ = {isa = PBXFileReference; lastKnownFileType = folder.assetcatalog; path = Assets.xcassets; sourceTree = "<group>"; };
		BACE53EB243B35AF00A2F6A4 /* Base */ = {isa = PBXFileReference; lastKnownFileType = file.storyboard; name = Base; path = Base.lproj/LaunchScreen.storyboard; sourceTree = "<group>"; };
		BACE53ED243B35AF00A2F6A4 /* Info.plist */ = {isa = PBXFileReference; lastKnownFileType = text.plist.xml; path = Info.plist; sourceTree = "<group>"; };
		BACE53F2243B35AF00A2F6A4 /* StaySafeTests.xctest */ = {isa = PBXFileReference; explicitFileType = wrapper.cfbundle; includeInIndex = 0; path = StaySafeTests.xctest; sourceTree = BUILT_PRODUCTS_DIR; };
		BACE53F6243B35AF00A2F6A4 /* StaySafeTests.swift */ = {isa = PBXFileReference; lastKnownFileType = sourcecode.swift; path = StaySafeTests.swift; sourceTree = "<group>"; };
		BACE53F8243B35AF00A2F6A4 /* Info.plist */ = {isa = PBXFileReference; lastKnownFileType = text.plist.xml; path = Info.plist; sourceTree = "<group>"; };
		BACE53FD243B35AF00A2F6A4 /* StaySafeUITests.xctest */ = {isa = PBXFileReference; explicitFileType = wrapper.cfbundle; includeInIndex = 0; path = StaySafeUITests.xctest; sourceTree = BUILT_PRODUCTS_DIR; };
		BACE5401243B35AF00A2F6A4 /* StaySafeUITests.swift */ = {isa = PBXFileReference; lastKnownFileType = sourcecode.swift; path = StaySafeUITests.swift; sourceTree = "<group>"; };
		BACE5403243B35AF00A2F6A4 /* Info.plist */ = {isa = PBXFileReference; lastKnownFileType = text.plist.xml; path = Info.plist; sourceTree = "<group>"; };
		BADAEADB243DC79D00C2A1C9 /* QRGeneratorView.swift */ = {isa = PBXFileReference; lastKnownFileType = sourcecode.swift; path = QRGeneratorView.swift; sourceTree = "<group>"; };
		BADAEADD243DC82000C2A1C9 /* QRScannerView.swift */ = {isa = PBXFileReference; lastKnownFileType = sourcecode.swift; path = QRScannerView.swift; sourceTree = "<group>"; };
		BADAEAE1243DD45800C2A1C9 /* UIViewController+Alert.swift */ = {isa = PBXFileReference; lastKnownFileType = sourcecode.swift; path = "UIViewController+Alert.swift"; sourceTree = "<group>"; };
		BAE604CB243C6A11009FC142 /* MerchantViewController.swift */ = {isa = PBXFileReference; lastKnownFileType = sourcecode.swift; path = MerchantViewController.swift; sourceTree = "<group>"; };
		E4D9E30547E7EAD8702C8BFC /* Pods-StaySafe.release.xcconfig */ = {isa = PBXFileReference; includeInIndex = 1; lastKnownFileType = text.xcconfig; name = "Pods-StaySafe.release.xcconfig"; path = "Target Support Files/Pods-StaySafe/Pods-StaySafe.release.xcconfig"; sourceTree = "<group>"; };
/* End PBXFileReference section */

/* Begin PBXFrameworksBuildPhase section */
		BACE53D9243B35AE00A2F6A4 /* Frameworks */ = {
			isa = PBXFrameworksBuildPhase;
			buildActionMask = 2147483647;
			files = (
				3FA06BC131C3E9B427B1F3CC /* Pods_StaySafe.framework in Frameworks */,
				BA27EFB4243C876B00BAA0FE /* CloudKit.framework in Frameworks */,
			);
			runOnlyForDeploymentPostprocessing = 0;
		};
		BACE53EF243B35AF00A2F6A4 /* Frameworks */ = {
			isa = PBXFrameworksBuildPhase;
			buildActionMask = 2147483647;
			files = (
				9B2BB67EC37BBD9A2CC235A8 /* Pods_StaySafeTests.framework in Frameworks */,
			);
			runOnlyForDeploymentPostprocessing = 0;
		};
		BACE53FA243B35AF00A2F6A4 /* Frameworks */ = {
			isa = PBXFrameworksBuildPhase;
			buildActionMask = 2147483647;
			files = (
			);
			runOnlyForDeploymentPostprocessing = 0;
		};
/* End PBXFrameworksBuildPhase section */

/* Begin PBXGroup section */
		BA33413B244006A20095BBE7 /* DataModel */ = {
			isa = PBXGroup;
			children = (
				BA33413C244006BD0095BBE7 /* DataModel.xcdatamodeld */,
				BA3341432440164F0095BBE7 /* DataModelManager.swift */,
			);
			path = DataModel;
			sourceTree = "<group>";
		};
		BA57031F243F06A400343016 /* CheckinCell */ = {
			isa = PBXGroup;
			children = (
				BA570320243F06A400343016 /* Controller */,
				BA570322243F06A400343016 /* Model */,
				BA570324243F06A400343016 /* View */,
			);
			path = CheckinCell;
			sourceTree = "<group>";
		};
		BA570320243F06A400343016 /* Controller */ = {
			isa = PBXGroup;
			children = (
				BA570321243F06A400343016 /* CheckinViewController.swift */,
			);
			path = Controller;
			sourceTree = "<group>";
		};
		BA570322243F06A400343016 /* Model */ = {
			isa = PBXGroup;
			children = (
				BA570323243F06A400343016 /* CheckinViewModel.swift */,
			);
			path = Model;
			sourceTree = "<group>";
		};
		BA570324243F06A400343016 /* View */ = {
			isa = PBXGroup;
			children = (
				BA570325243F06A400343016 /* CheckinCell.swift */,
				BA570326243F06A400343016 /* CheckinCell.xib */,
			);
			path = View;
			sourceTree = "<group>";
		};
		BACE53D3243B35AE00A2F6A4 = {
			isa = PBXGroup;
			children = (
				BACE53DE243B35AE00A2F6A4 /* StaySafe */,
				BACE53F5243B35AF00A2F6A4 /* StaySafeTests */,
				BACE5400243B35AF00A2F6A4 /* StaySafeUITests */,
				BACE53DD243B35AE00A2F6A4 /* Products */,
				F9588B657711D6EB2241EFB3 /* Pods */,
				CC7C553CD5E71C6143C98F9D /* Frameworks */,
			);
			sourceTree = "<group>";
		};
		BACE53DD243B35AE00A2F6A4 /* Products */ = {
			isa = PBXGroup;
			children = (
				BACE53DC243B35AE00A2F6A4 /* COVID-Alert.app */,
				BACE53F2243B35AF00A2F6A4 /* StaySafeTests.xctest */,
				BACE53FD243B35AF00A2F6A4 /* StaySafeUITests.xctest */,
			);
			name = Products;
			sourceTree = "<group>";
		};
		BACE53DE243B35AE00A2F6A4 /* StaySafe */ = {
			isa = PBXGroup;
			children = (
				BA33413B244006A20095BBE7 /* DataModel */,
				BADAEAE0243DD42800C2A1C9 /* Util */,
				BA27EFB2243C876000BAA0FE /* Covid Alert.entitlements */,
				BACE53DF243B35AE00A2F6A4 /* AppDelegate.swift */,
				BACE53E1243B35AE00A2F6A4 /* SceneDelegate.swift */,
				BACE53E3243B35AE00A2F6A4 /* ViewController.swift */,
				BA57031F243F06A400343016 /* CheckinCell */,
				BAE604CE243C6A5E009FC142 /* Merchant */,
				BACE53E5243B35AE00A2F6A4 /* Main.storyboard */,
				BACE53E8243B35AF00A2F6A4 /* Assets.xcassets */,
				BACE53EA243B35AF00A2F6A4 /* LaunchScreen.storyboard */,
				BACE53ED243B35AF00A2F6A4 /* Info.plist */,
				BADAEADF243DD3E500C2A1C9 /* QR */,
			);
			path = StaySafe;
			sourceTree = "<group>";
		};
		BACE53F5243B35AF00A2F6A4 /* StaySafeTests */ = {
			isa = PBXGroup;
			children = (
				BACE53F6243B35AF00A2F6A4 /* StaySafeTests.swift */,
				BACE53F8243B35AF00A2F6A4 /* Info.plist */,
			);
			path = StaySafeTests;
			sourceTree = "<group>";
		};
		BACE5400243B35AF00A2F6A4 /* StaySafeUITests */ = {
			isa = PBXGroup;
			children = (
				BACE5401243B35AF00A2F6A4 /* StaySafeUITests.swift */,
				BACE5403243B35AF00A2F6A4 /* Info.plist */,
			);
			path = StaySafeUITests;
			sourceTree = "<group>";
		};
		BADAEADF243DD3E500C2A1C9 /* QR */ = {
			isa = PBXGroup;
			children = (
				BADAEADB243DC79D00C2A1C9 /* QRGeneratorView.swift */,
				BADAEADD243DC82000C2A1C9 /* QRScannerView.swift */,
			);
			path = QR;
			sourceTree = "<group>";
		};
		BADAEAE0243DD42800C2A1C9 /* Util */ = {
			isa = PBXGroup;
			children = (
				BA570330243F096500343016 /* UIStoryboard+.swift */,
				BA57032F243F096500343016 /* UITableView+.swift */,
				BA570333243F098800343016 /* UIViewController+.swift */,
				BADAEAE1243DD45800C2A1C9 /* UIViewController+Alert.swift */,
				BA33414624402F550095BBE7 /* UserDefaults+.swift */,
			);
			path = Util;
			sourceTree = "<group>";
		};
		BAE604CE243C6A5E009FC142 /* Merchant */ = {
			isa = PBXGroup;
			children = (
				BAE604CB243C6A11009FC142 /* MerchantViewController.swift */,
			);
			path = Merchant;
			sourceTree = "<group>";
		};
		CC7C553CD5E71C6143C98F9D /* Frameworks */ = {
			isa = PBXGroup;
			children = (
				BA27EFB3243C876B00BAA0FE /* CloudKit.framework */,
				B8BC1A2AF7112B28FA585EE7 /* Pods_StaySafe.framework */,
				21B4A667F7E850C167DEE6C0 /* Pods_StaySafeTests.framework */,
			);
			name = Frameworks;
			sourceTree = "<group>";
		};
		F9588B657711D6EB2241EFB3 /* Pods */ = {
			isa = PBXGroup;
			children = (
				035059FAFE58791F3639BE91 /* Pods-StaySafe.debug.xcconfig */,
				E4D9E30547E7EAD8702C8BFC /* Pods-StaySafe.release.xcconfig */,
				2C5B0EF4ECAD40ECDBDEAEFA /* Pods-StaySafeTests.debug.xcconfig */,
				47DBC603263B2EAB3CE228F6 /* Pods-StaySafeTests.release.xcconfig */,
			);
			path = Pods;
			sourceTree = "<group>";
		};
/* End PBXGroup section */

/* Begin PBXNativeTarget section */
		BACE53DB243B35AE00A2F6A4 /* StaySafe */ = {
			isa = PBXNativeTarget;
			buildConfigurationList = BACE5406243B35AF00A2F6A4 /* Build configuration list for PBXNativeTarget "StaySafe" */;
			buildPhases = (
				EF3562B8A87AF2118946AD68 /* [CP] Check Pods Manifest.lock */,
				BACE53D8243B35AE00A2F6A4 /* Sources */,
				BACE53D9243B35AE00A2F6A4 /* Frameworks */,
				BACE53DA243B35AE00A2F6A4 /* Resources */,
			);
			buildRules = (
			);
			dependencies = (
			);
			name = StaySafe;
			productName = StaySafe;
			productReference = BACE53DC243B35AE00A2F6A4 /* COVID-Alert.app */;
			productType = "com.apple.product-type.application";
		};
		BACE53F1243B35AF00A2F6A4 /* StaySafeTests */ = {
			isa = PBXNativeTarget;
			buildConfigurationList = BACE5409243B35AF00A2F6A4 /* Build configuration list for PBXNativeTarget "StaySafeTests" */;
			buildPhases = (
				4D80108D1E10DCFBD86815F9 /* [CP] Check Pods Manifest.lock */,
				BACE53EE243B35AF00A2F6A4 /* Sources */,
				BACE53EF243B35AF00A2F6A4 /* Frameworks */,
				BACE53F0243B35AF00A2F6A4 /* Resources */,
				02F1E8ECC3E3AA692AFF08F7 /* [CP] Embed Pods Frameworks */,
			);
			buildRules = (
			);
			dependencies = (
				BACE53F4243B35AF00A2F6A4 /* PBXTargetDependency */,
			);
			name = StaySafeTests;
			productName = StaySafeTests;
			productReference = BACE53F2243B35AF00A2F6A4 /* StaySafeTests.xctest */;
			productType = "com.apple.product-type.bundle.unit-test";
		};
		BACE53FC243B35AF00A2F6A4 /* StaySafeUITests */ = {
			isa = PBXNativeTarget;
			buildConfigurationList = BACE540C243B35AF00A2F6A4 /* Build configuration list for PBXNativeTarget "StaySafeUITests" */;
			buildPhases = (
				BACE53F9243B35AF00A2F6A4 /* Sources */,
				BACE53FA243B35AF00A2F6A4 /* Frameworks */,
				BACE53FB243B35AF00A2F6A4 /* Resources */,
			);
			buildRules = (
			);
			dependencies = (
				BACE53FF243B35AF00A2F6A4 /* PBXTargetDependency */,
			);
			name = StaySafeUITests;
			productName = StaySafeUITests;
			productReference = BACE53FD243B35AF00A2F6A4 /* StaySafeUITests.xctest */;
			productType = "com.apple.product-type.bundle.ui-testing";
		};
/* End PBXNativeTarget section */

/* Begin PBXProject section */
		BACE53D4243B35AE00A2F6A4 /* Project object */ = {
			isa = PBXProject;
			attributes = {
				LastSwiftUpdateCheck = 1140;
				LastUpgradeCheck = 1140;
				ORGANIZATIONNAME = iProgram;
				TargetAttributes = {
					BACE53DB243B35AE00A2F6A4 = {
						CreatedOnToolsVersion = 11.4;
					};
					BACE53F1243B35AF00A2F6A4 = {
						CreatedOnToolsVersion = 11.4;
						TestTargetID = BACE53DB243B35AE00A2F6A4;
					};
					BACE53FC243B35AF00A2F6A4 = {
						CreatedOnToolsVersion = 11.4;
						TestTargetID = BACE53DB243B35AE00A2F6A4;
					};
				};
			};
			buildConfigurationList = BACE53D7243B35AE00A2F6A4 /* Build configuration list for PBXProject "StaySafe" */;
			compatibilityVersion = "Xcode 9.3";
			developmentRegion = en;
			hasScannedForEncodings = 0;
			knownRegions = (
				en,
				Base,
			);
			mainGroup = BACE53D3243B35AE00A2F6A4;
			productRefGroup = BACE53DD243B35AE00A2F6A4 /* Products */;
			projectDirPath = "";
			projectRoot = "";
			targets = (
				BACE53DB243B35AE00A2F6A4 /* StaySafe */,
				BACE53F1243B35AF00A2F6A4 /* StaySafeTests */,
				BACE53FC243B35AF00A2F6A4 /* StaySafeUITests */,
			);
		};
/* End PBXProject section */

/* Begin PBXResourcesBuildPhase section */
		BACE53DA243B35AE00A2F6A4 /* Resources */ = {
			isa = PBXResourcesBuildPhase;
			buildActionMask = 2147483647;
			files = (
				BACE53EC243B35AF00A2F6A4 /* LaunchScreen.storyboard in Resources */,
				BACE53E9243B35AF00A2F6A4 /* Assets.xcassets in Resources */,
				BACE53E7243B35AE00A2F6A4 /* Main.storyboard in Resources */,
				BA57032A243F06A400343016 /* CheckinCell.xib in Resources */,
			);
			runOnlyForDeploymentPostprocessing = 0;
		};
		BACE53F0243B35AF00A2F6A4 /* Resources */ = {
			isa = PBXResourcesBuildPhase;
			buildActionMask = 2147483647;
			files = (
			);
			runOnlyForDeploymentPostprocessing = 0;
		};
		BACE53FB243B35AF00A2F6A4 /* Resources */ = {
			isa = PBXResourcesBuildPhase;
			buildActionMask = 2147483647;
			files = (
			);
			runOnlyForDeploymentPostprocessing = 0;
		};
/* End PBXResourcesBuildPhase section */

/* Begin PBXShellScriptBuildPhase section */
		02F1E8ECC3E3AA692AFF08F7 /* [CP] Embed Pods Frameworks */ = {
			isa = PBXShellScriptBuildPhase;
			buildActionMask = 2147483647;
			files = (
			);
			inputFileListPaths = (
				"${PODS_ROOT}/Target Support Files/Pods-StaySafeTests/Pods-StaySafeTests-frameworks-${CONFIGURATION}-input-files.xcfilelist",
			);
			name = "[CP] Embed Pods Frameworks";
			outputFileListPaths = (
				"${PODS_ROOT}/Target Support Files/Pods-StaySafeTests/Pods-StaySafeTests-frameworks-${CONFIGURATION}-output-files.xcfilelist",
			);
			runOnlyForDeploymentPostprocessing = 0;
			shellPath = /bin/sh;
			shellScript = "\"${PODS_ROOT}/Target Support Files/Pods-StaySafeTests/Pods-StaySafeTests-frameworks.sh\"\n";
			showEnvVarsInLog = 0;
		};
		4D80108D1E10DCFBD86815F9 /* [CP] Check Pods Manifest.lock */ = {
			isa = PBXShellScriptBuildPhase;
			buildActionMask = 2147483647;
			files = (
			);
			inputFileListPaths = (
			);
			inputPaths = (
				"${PODS_PODFILE_DIR_PATH}/Podfile.lock",
				"${PODS_ROOT}/Manifest.lock",
			);
			name = "[CP] Check Pods Manifest.lock";
			outputFileListPaths = (
			);
			outputPaths = (
				"$(DERIVED_FILE_DIR)/Pods-StaySafeTests-checkManifestLockResult.txt",
			);
			runOnlyForDeploymentPostprocessing = 0;
			shellPath = /bin/sh;
			shellScript = "diff \"${PODS_PODFILE_DIR_PATH}/Podfile.lock\" \"${PODS_ROOT}/Manifest.lock\" > /dev/null\nif [ $? != 0 ] ; then\n    # print error to STDERR\n    echo \"error: The sandbox is not in sync with the Podfile.lock. Run 'pod install' or update your CocoaPods installation.\" >&2\n    exit 1\nfi\n# This output is used by Xcode 'outputs' to avoid re-running this script phase.\necho \"SUCCESS\" > \"${SCRIPT_OUTPUT_FILE_0}\"\n";
			showEnvVarsInLog = 0;
		};
		EF3562B8A87AF2118946AD68 /* [CP] Check Pods Manifest.lock */ = {
			isa = PBXShellScriptBuildPhase;
			buildActionMask = 2147483647;
			files = (
			);
			inputFileListPaths = (
			);
			inputPaths = (
				"${PODS_PODFILE_DIR_PATH}/Podfile.lock",
				"${PODS_ROOT}/Manifest.lock",
			);
			name = "[CP] Check Pods Manifest.lock";
			outputFileListPaths = (
			);
			outputPaths = (
				"$(DERIVED_FILE_DIR)/Pods-StaySafe-checkManifestLockResult.txt",
			);
			runOnlyForDeploymentPostprocessing = 0;
			shellPath = /bin/sh;
			shellScript = "diff \"${PODS_PODFILE_DIR_PATH}/Podfile.lock\" \"${PODS_ROOT}/Manifest.lock\" > /dev/null\nif [ $? != 0 ] ; then\n    # print error to STDERR\n    echo \"error: The sandbox is not in sync with the Podfile.lock. Run 'pod install' or update your CocoaPods installation.\" >&2\n    exit 1\nfi\n# This output is used by Xcode 'outputs' to avoid re-running this script phase.\necho \"SUCCESS\" > \"${SCRIPT_OUTPUT_FILE_0}\"\n";
			showEnvVarsInLog = 0;
		};
/* End PBXShellScriptBuildPhase section */

/* Begin PBXSourcesBuildPhase section */
		BACE53D8243B35AE00A2F6A4 /* Sources */ = {
			isa = PBXSourcesBuildPhase;
			buildActionMask = 2147483647;
			files = (
				BA33414724402F550095BBE7 /* UserDefaults+.swift in Sources */,
				BA570334243F098800343016 /* UIViewController+.swift in Sources */,
				BA570329243F06A400343016 /* CheckinCell.swift in Sources */,
				BA570328243F06A400343016 /* CheckinViewModel.swift in Sources */,
				BADAEADC243DC79D00C2A1C9 /* QRGeneratorView.swift in Sources */,
				BACE53E4243B35AE00A2F6A4 /* ViewController.swift in Sources */,
				BA33413E244006BD0095BBE7 /* DataModel.xcdatamodeld in Sources */,
				BA570327243F06A400343016 /* CheckinViewController.swift in Sources */,
				BAE604CC243C6A11009FC142 /* MerchantViewController.swift in Sources */,
				BA570331243F096500343016 /* UITableView+.swift in Sources */,
				BADAEADE243DC82000C2A1C9 /* QRScannerView.swift in Sources */,
				BA3341442440164F0095BBE7 /* DataModelManager.swift in Sources */,
				BA570332243F096500343016 /* UIStoryboard+.swift in Sources */,
				BACE53E0243B35AE00A2F6A4 /* AppDelegate.swift in Sources */,
				BACE53E2243B35AE00A2F6A4 /* SceneDelegate.swift in Sources */,
				BADAEAE2243DD45800C2A1C9 /* UIViewController+Alert.swift in Sources */,
			);
			runOnlyForDeploymentPostprocessing = 0;
		};
		BACE53EE243B35AF00A2F6A4 /* Sources */ = {
			isa = PBXSourcesBuildPhase;
			buildActionMask = 2147483647;
			files = (
				BACE53F7243B35AF00A2F6A4 /* StaySafeTests.swift in Sources */,
			);
			runOnlyForDeploymentPostprocessing = 0;
		};
		BACE53F9243B35AF00A2F6A4 /* Sources */ = {
			isa = PBXSourcesBuildPhase;
			buildActionMask = 2147483647;
			files = (
				BACE5402243B35AF00A2F6A4 /* StaySafeUITests.swift in Sources */,
			);
			runOnlyForDeploymentPostprocessing = 0;
		};
/* End PBXSourcesBuildPhase section */

/* Begin PBXTargetDependency section */
		BACE53F4243B35AF00A2F6A4 /* PBXTargetDependency */ = {
			isa = PBXTargetDependency;
			target = BACE53DB243B35AE00A2F6A4 /* StaySafe */;
			targetProxy = BACE53F3243B35AF00A2F6A4 /* PBXContainerItemProxy */;
		};
		BACE53FF243B35AF00A2F6A4 /* PBXTargetDependency */ = {
			isa = PBXTargetDependency;
			target = BACE53DB243B35AE00A2F6A4 /* StaySafe */;
			targetProxy = BACE53FE243B35AF00A2F6A4 /* PBXContainerItemProxy */;
		};
/* End PBXTargetDependency section */

/* Begin PBXVariantGroup section */
		BACE53E5243B35AE00A2F6A4 /* Main.storyboard */ = {
			isa = PBXVariantGroup;
			children = (
				BACE53E6243B35AE00A2F6A4 /* Base */,
			);
			name = Main.storyboard;
			sourceTree = "<group>";
		};
		BACE53EA243B35AF00A2F6A4 /* LaunchScreen.storyboard */ = {
			isa = PBXVariantGroup;
			children = (
				BACE53EB243B35AF00A2F6A4 /* Base */,
			);
			name = LaunchScreen.storyboard;
			sourceTree = "<group>";
		};
/* End PBXVariantGroup section */

/* Begin XCBuildConfiguration section */
		BACE5404243B35AF00A2F6A4 /* Debug */ = {
			isa = XCBuildConfiguration;
			buildSettings = {
				ALWAYS_SEARCH_USER_PATHS = NO;
				CLANG_ANALYZER_NONNULL = YES;
				CLANG_ANALYZER_NUMBER_OBJECT_CONVERSION = YES_AGGRESSIVE;
				CLANG_CXX_LANGUAGE_STANDARD = "gnu++14";
				CLANG_CXX_LIBRARY = "libc++";
				CLANG_ENABLE_MODULES = YES;
				CLANG_ENABLE_OBJC_ARC = YES;
				CLANG_ENABLE_OBJC_WEAK = YES;
				CLANG_WARN_BLOCK_CAPTURE_AUTORELEASING = YES;
				CLANG_WARN_BOOL_CONVERSION = YES;
				CLANG_WARN_COMMA = YES;
				CLANG_WARN_CONSTANT_CONVERSION = YES;
				CLANG_WARN_DEPRECATED_OBJC_IMPLEMENTATIONS = YES;
				CLANG_WARN_DIRECT_OBJC_ISA_USAGE = YES_ERROR;
				CLANG_WARN_DOCUMENTATION_COMMENTS = YES;
				CLANG_WARN_EMPTY_BODY = YES;
				CLANG_WARN_ENUM_CONVERSION = YES;
				CLANG_WARN_INFINITE_RECURSION = YES;
				CLANG_WARN_INT_CONVERSION = YES;
				CLANG_WARN_NON_LITERAL_NULL_CONVERSION = YES;
				CLANG_WARN_OBJC_IMPLICIT_RETAIN_SELF = YES;
				CLANG_WARN_OBJC_LITERAL_CONVERSION = YES;
				CLANG_WARN_OBJC_ROOT_CLASS = YES_ERROR;
				CLANG_WARN_RANGE_LOOP_ANALYSIS = YES;
				CLANG_WARN_STRICT_PROTOTYPES = YES;
				CLANG_WARN_SUSPICIOUS_MOVE = YES;
				CLANG_WARN_UNGUARDED_AVAILABILITY = YES_AGGRESSIVE;
				CLANG_WARN_UNREACHABLE_CODE = YES;
				CLANG_WARN__DUPLICATE_METHOD_MATCH = YES;
				COPY_PHASE_STRIP = NO;
				DEBUG_INFORMATION_FORMAT = dwarf;
				ENABLE_STRICT_OBJC_MSGSEND = YES;
				ENABLE_TESTABILITY = YES;
				GCC_C_LANGUAGE_STANDARD = gnu11;
				GCC_DYNAMIC_NO_PIC = NO;
				GCC_NO_COMMON_BLOCKS = YES;
				GCC_OPTIMIZATION_LEVEL = 0;
				GCC_PREPROCESSOR_DEFINITIONS = (
					"DEBUG=1",
					"$(inherited)",
				);
				GCC_WARN_64_TO_32_BIT_CONVERSION = YES;
				GCC_WARN_ABOUT_RETURN_TYPE = YES_ERROR;
				GCC_WARN_UNDECLARED_SELECTOR = YES;
				GCC_WARN_UNINITIALIZED_AUTOS = YES_AGGRESSIVE;
				GCC_WARN_UNUSED_FUNCTION = YES;
				GCC_WARN_UNUSED_VARIABLE = YES;
				IPHONEOS_DEPLOYMENT_TARGET = 11.0;
				MTL_ENABLE_DEBUG_INFO = INCLUDE_SOURCE;
				MTL_FAST_MATH = YES;
				ONLY_ACTIVE_ARCH = YES;
				SDKROOT = iphoneos;
				SWIFT_ACTIVE_COMPILATION_CONDITIONS = DEBUG;
				SWIFT_OPTIMIZATION_LEVEL = "-Onone";
			};
			name = Debug;
		};
		BACE5405243B35AF00A2F6A4 /* Release */ = {
			isa = XCBuildConfiguration;
			buildSettings = {
				ALWAYS_SEARCH_USER_PATHS = NO;
				CLANG_ANALYZER_NONNULL = YES;
				CLANG_ANALYZER_NUMBER_OBJECT_CONVERSION = YES_AGGRESSIVE;
				CLANG_CXX_LANGUAGE_STANDARD = "gnu++14";
				CLANG_CXX_LIBRARY = "libc++";
				CLANG_ENABLE_MODULES = YES;
				CLANG_ENABLE_OBJC_ARC = YES;
				CLANG_ENABLE_OBJC_WEAK = YES;
				CLANG_WARN_BLOCK_CAPTURE_AUTORELEASING = YES;
				CLANG_WARN_BOOL_CONVERSION = YES;
				CLANG_WARN_COMMA = YES;
				CLANG_WARN_CONSTANT_CONVERSION = YES;
				CLANG_WARN_DEPRECATED_OBJC_IMPLEMENTATIONS = YES;
				CLANG_WARN_DIRECT_OBJC_ISA_USAGE = YES_ERROR;
				CLANG_WARN_DOCUMENTATION_COMMENTS = YES;
				CLANG_WARN_EMPTY_BODY = YES;
				CLANG_WARN_ENUM_CONVERSION = YES;
				CLANG_WARN_INFINITE_RECURSION = YES;
				CLANG_WARN_INT_CONVERSION = YES;
				CLANG_WARN_NON_LITERAL_NULL_CONVERSION = YES;
				CLANG_WARN_OBJC_IMPLICIT_RETAIN_SELF = YES;
				CLANG_WARN_OBJC_LITERAL_CONVERSION = YES;
				CLANG_WARN_OBJC_ROOT_CLASS = YES_ERROR;
				CLANG_WARN_RANGE_LOOP_ANALYSIS = YES;
				CLANG_WARN_STRICT_PROTOTYPES = YES;
				CLANG_WARN_SUSPICIOUS_MOVE = YES;
				CLANG_WARN_UNGUARDED_AVAILABILITY = YES_AGGRESSIVE;
				CLANG_WARN_UNREACHABLE_CODE = YES;
				CLANG_WARN__DUPLICATE_METHOD_MATCH = YES;
				COPY_PHASE_STRIP = NO;
				DEBUG_INFORMATION_FORMAT = "dwarf-with-dsym";
				ENABLE_NS_ASSERTIONS = NO;
				ENABLE_STRICT_OBJC_MSGSEND = YES;
				GCC_C_LANGUAGE_STANDARD = gnu11;
				GCC_NO_COMMON_BLOCKS = YES;
				GCC_WARN_64_TO_32_BIT_CONVERSION = YES;
				GCC_WARN_ABOUT_RETURN_TYPE = YES_ERROR;
				GCC_WARN_UNDECLARED_SELECTOR = YES;
				GCC_WARN_UNINITIALIZED_AUTOS = YES_AGGRESSIVE;
				GCC_WARN_UNUSED_FUNCTION = YES;
				GCC_WARN_UNUSED_VARIABLE = YES;
				IPHONEOS_DEPLOYMENT_TARGET = 11.0;
				MTL_ENABLE_DEBUG_INFO = NO;
				MTL_FAST_MATH = YES;
				SDKROOT = iphoneos;
				SWIFT_COMPILATION_MODE = wholemodule;
				SWIFT_OPTIMIZATION_LEVEL = "-O";
				VALIDATE_PRODUCT = YES;
			};
			name = Release;
		};
		BACE5407243B35AF00A2F6A4 /* Debug */ = {
			isa = XCBuildConfiguration;
			baseConfigurationReference = 035059FAFE58791F3639BE91 /* Pods-StaySafe.debug.xcconfig */;
			buildSettings = {
				ASSETCATALOG_COMPILER_APPICON_NAME = AppIcon;
				CODE_SIGN_ENTITLEMENTS = "StaySafe/Covid Alert.entitlements";
				CODE_SIGN_IDENTITY = "Apple Development";
				CODE_SIGN_STYLE = Automatic;
				DEVELOPMENT_TEAM = 473EN4MVVH;
				INFOPLIST_FILE = StaySafe/Info.plist;
				LD_RUNPATH_SEARCH_PATHS = (
					"$(inherited)",
					"@executable_path/Frameworks",
				);
				PRODUCT_BUNDLE_IDENTIFIER = nz.co.iprogram.covidalert;
				PRODUCT_NAME = "COVID-Alert";
				PROVISIONING_PROFILE_SPECIFIER = "";
				SWIFT_VERSION = 5.0;
				TARGETED_DEVICE_FAMILY = "1,2";
			};
			name = Debug;
		};
		BACE5408243B35AF00A2F6A4 /* Release */ = {
			isa = XCBuildConfiguration;
			baseConfigurationReference = E4D9E30547E7EAD8702C8BFC /* Pods-StaySafe.release.xcconfig */;
			buildSettings = {
				ASSETCATALOG_COMPILER_APPICON_NAME = AppIcon;
				CODE_SIGN_ENTITLEMENTS = "StaySafe/Covid Alert.entitlements";
				CODE_SIGN_IDENTITY = "Apple Development";
				CODE_SIGN_STYLE = Automatic;
				DEVELOPMENT_TEAM = 473EN4MVVH;
				INFOPLIST_FILE = StaySafe/Info.plist;
				LD_RUNPATH_SEARCH_PATHS = (
					"$(inherited)",
					"@executable_path/Frameworks",
				);
				PRODUCT_BUNDLE_IDENTIFIER = nz.co.iprogram.covidalert;
				PRODUCT_NAME = "COVID-Alert";
				PROVISIONING_PROFILE_SPECIFIER = "";
				SWIFT_VERSION = 5.0;
				TARGETED_DEVICE_FAMILY = "1,2";
			};
			name = Release;
		};
		BACE540A243B35AF00A2F6A4 /* Debug */ = {
			isa = XCBuildConfiguration;
			baseConfigurationReference = 2C5B0EF4ECAD40ECDBDEAEFA /* Pods-StaySafeTests.debug.xcconfig */;
			buildSettings = {
				BUNDLE_LOADER = "$(TEST_HOST)";
				CODE_SIGN_STYLE = Automatic;
				DEVELOPMENT_TEAM = 473EN4MVVH;
				INFOPLIST_FILE = StaySafeTests/Info.plist;
				IPHONEOS_DEPLOYMENT_TARGET = 13.4;
				LD_RUNPATH_SEARCH_PATHS = (
					"$(inherited)",
					"@executable_path/Frameworks",
					"@loader_path/Frameworks",
				);
				PRODUCT_BUNDLE_IDENTIFIER = nz.co.iprogram.StaySafeTests;
				PRODUCT_NAME = "$(TARGET_NAME)";
				SWIFT_VERSION = 5.0;
				TARGETED_DEVICE_FAMILY = "1,2";
				TEST_HOST = "$(BUILT_PRODUCTS_DIR)/StaySafe.app/StaySafe";
			};
			name = Debug;
		};
		BACE540B243B35AF00A2F6A4 /* Release */ = {
			isa = XCBuildConfiguration;
			baseConfigurationReference = 47DBC603263B2EAB3CE228F6 /* Pods-StaySafeTests.release.xcconfig */;
			buildSettings = {
				BUNDLE_LOADER = "$(TEST_HOST)";
				CODE_SIGN_STYLE = Automatic;
				DEVELOPMENT_TEAM = 473EN4MVVH;
				INFOPLIST_FILE = StaySafeTests/Info.plist;
				IPHONEOS_DEPLOYMENT_TARGET = 13.4;
				LD_RUNPATH_SEARCH_PATHS = (
					"$(inherited)",
					"@executable_path/Frameworks",
					"@loader_path/Frameworks",
				);
				PRODUCT_BUNDLE_IDENTIFIER = nz.co.iprogram.StaySafeTests;
				PRODUCT_NAME = "$(TARGET_NAME)";
				SWIFT_VERSION = 5.0;
				TARGETED_DEVICE_FAMILY = "1,2";
				TEST_HOST = "$(BUILT_PRODUCTS_DIR)/StaySafe.app/StaySafe";
			};
			name = Release;
		};
		BACE540D243B35AF00A2F6A4 /* Debug */ = {
			isa = XCBuildConfiguration;
			buildSettings = {
				CODE_SIGN_STYLE = Automatic;
				DEVELOPMENT_TEAM = 473EN4MVVH;
				INFOPLIST_FILE = StaySafeUITests/Info.plist;
				LD_RUNPATH_SEARCH_PATHS = (
					"$(inherited)",
					"@executable_path/Frameworks",
					"@loader_path/Frameworks",
				);
				PRODUCT_BUNDLE_IDENTIFIER = nz.co.iprogram.StaySafeUITests;
				PRODUCT_NAME = "$(TARGET_NAME)";
				SWIFT_VERSION = 5.0;
				TARGETED_DEVICE_FAMILY = "1,2";
				TEST_TARGET_NAME = StaySafe;
			};
			name = Debug;
		};
		BACE540E243B35AF00A2F6A4 /* Release */ = {
			isa = XCBuildConfiguration;
			buildSettings = {
				CODE_SIGN_STYLE = Automatic;
				DEVELOPMENT_TEAM = 473EN4MVVH;
				INFOPLIST_FILE = StaySafeUITests/Info.plist;
				LD_RUNPATH_SEARCH_PATHS = (
					"$(inherited)",
					"@executable_path/Frameworks",
					"@loader_path/Frameworks",
				);
				PRODUCT_BUNDLE_IDENTIFIER = nz.co.iprogram.StaySafeUITests;
				PRODUCT_NAME = "$(TARGET_NAME)";
				SWIFT_VERSION = 5.0;
				TARGETED_DEVICE_FAMILY = "1,2";
				TEST_TARGET_NAME = StaySafe;
			};
			name = Release;
		};
/* End XCBuildConfiguration section */

/* Begin XCConfigurationList section */
		BACE53D7243B35AE00A2F6A4 /* Build configuration list for PBXProject "StaySafe" */ = {
			isa = XCConfigurationList;
			buildConfigurations = (
				BACE5404243B35AF00A2F6A4 /* Debug */,
				BACE5405243B35AF00A2F6A4 /* Release */,
			);
			defaultConfigurationIsVisible = 0;
			defaultConfigurationName = Release;
		};
		BACE5406243B35AF00A2F6A4 /* Build configuration list for PBXNativeTarget "StaySafe" */ = {
			isa = XCConfigurationList;
			buildConfigurations = (
				BACE5407243B35AF00A2F6A4 /* Debug */,
				BACE5408243B35AF00A2F6A4 /* Release */,
			);
			defaultConfigurationIsVisible = 0;
			defaultConfigurationName = Release;
		};
		BACE5409243B35AF00A2F6A4 /* Build configuration list for PBXNativeTarget "StaySafeTests" */ = {
			isa = XCConfigurationList;
			buildConfigurations = (
				BACE540A243B35AF00A2F6A4 /* Debug */,
				BACE540B243B35AF00A2F6A4 /* Release */,
			);
			defaultConfigurationIsVisible = 0;
			defaultConfigurationName = Release;
		};
		BACE540C243B35AF00A2F6A4 /* Build configuration list for PBXNativeTarget "StaySafeUITests" */ = {
			isa = XCConfigurationList;
			buildConfigurations = (
				BACE540D243B35AF00A2F6A4 /* Debug */,
				BACE540E243B35AF00A2F6A4 /* Release */,
			);
			defaultConfigurationIsVisible = 0;
			defaultConfigurationName = Release;
		};
/* End XCConfigurationList section */

/* Begin XCVersionGroup section */
		BA33413C244006BD0095BBE7 /* DataModel.xcdatamodeld */ = {
			isa = XCVersionGroup;
			children = (
				BA33414524401CAA0095BBE7 /* DataModel 2.xcdatamodel */,
				BA33413D244006BD0095BBE7 /* DataModel.xcdatamodel */,
			);
			currentVersion = BA33413D244006BD0095BBE7 /* DataModel.xcdatamodel */;
			path = DataModel.xcdatamodeld;
			sourceTree = "<group>";
			versionGroupType = wrapper.xcdatamodel;
		};
/* End XCVersionGroup section */
	};
	rootObject = BACE53D4243B35AE00A2F6A4 /* Project object */;
}
