// !$*UTF8*$!
{
	archiveVersion = 1;
	classes = {
	};
	objectVersion = 51;
	objects = {

/* Begin PBXBuildFile section */
		3FA06BC131C3E9B427B1F3CC /* Pods_StaySafe.framework in Frameworks */ = {isa = PBXBuildFile; fileRef = B8BC1A2AF7112B28FA585EE7 /* Pods_StaySafe.framework */; };
		9B2BB67EC37BBD9A2CC235A8 /* Pods_StaySafeTests.framework in Frameworks */ = {isa = PBXBuildFile; fileRef = 21B4A667F7E850C167DEE6C0 /* Pods_StaySafeTests.framework */; };
		BA0808CE246F840400C6A01C /* BusinessCheckinViewController.swift in Sources */ = {isa = PBXBuildFile; fileRef = BA0808CD246F840400C6A01C /* BusinessCheckinViewController.swift */; };
		BA0808D0246F841A00C6A01C /* BusinessCheckinViewModel.swift in Sources */ = {isa = PBXBuildFile; fileRef = BA0808CF246F841A00C6A01C /* BusinessCheckinViewModel.swift */; };
		BA0808D2246FA98A00C6A01C /* GoogleService-Info.plist in Resources */ = {isa = PBXBuildFile; fileRef = BA0808D1246FA98A00C6A01C /* GoogleService-Info.plist */; };
		BA0808D4246FAE6500C6A01C /* LoginViewController.swift in Sources */ = {isa = PBXBuildFile; fileRef = BA0808D3246FAE6500C6A01C /* LoginViewController.swift */; };
		BA1DE5B7244C1CA200B9C36A /* PrimaryButton.swift in Sources */ = {isa = PBXBuildFile; fileRef = BA1DE5B6244C1CA200B9C36A /* PrimaryButton.swift */; };
		BA1DE5B9244C1CAF00B9C36A /* CALogoView.swift in Sources */ = {isa = PBXBuildFile; fileRef = BA1DE5B8244C1CAF00B9C36A /* CALogoView.swift */; };
		BA1DE5BB244C1CEE00B9C36A /* CALogoView.xib in Resources */ = {isa = PBXBuildFile; fileRef = BA1DE5BA244C1CEE00B9C36A /* CALogoView.xib */; };
		BA1DE5BD244C21A200B9C36A /* UIColor+StaySafe.swift in Sources */ = {isa = PBXBuildFile; fileRef = BA1DE5BC244C21A200B9C36A /* UIColor+StaySafe.swift */; };
		BA27EFB4243C876B00BAA0FE /* CloudKit.framework in Frameworks */ = {isa = PBXBuildFile; fileRef = BA27EFB3243C876B00BAA0FE /* CloudKit.framework */; };
		BA33413E244006BD0095BBE7 /* DataModel.xcdatamodeld in Sources */ = {isa = PBXBuildFile; fileRef = BA33413C244006BD0095BBE7 /* DataModel.xcdatamodeld */; };
		BA3341442440164F0095BBE7 /* DataModelManager.swift in Sources */ = {isa = PBXBuildFile; fileRef = BA3341432440164F0095BBE7 /* DataModelManager.swift */; };
		BA33414724402F550095BBE7 /* UserDefaults+StaySafe.swift in Sources */ = {isa = PBXBuildFile; fileRef = BA33414624402F550095BBE7 /* UserDefaults+StaySafe.swift */; };
		BA334149244030F40095BBE7 /* AppDelegate+Notifications.swift in Sources */ = {isa = PBXBuildFile; fileRef = BA334148244030F40095BBE7 /* AppDelegate+Notifications.swift */; };
		BA3756B12457E8BF001D616F /* ContactUsViewModel.swift in Sources */ = {isa = PBXBuildFile; fileRef = BA3756B02457E8BF001D616F /* ContactUsViewModel.swift */; };
		BA3756B324584DC4001D616F /* AppDelegate+ValidationRules.swift in Sources */ = {isa = PBXBuildFile; fileRef = BA3756B224584DC4001D616F /* AppDelegate+ValidationRules.swift */; };
		BA52AA12247154FF00967AA2 /* BusinessCheckin.swift in Sources */ = {isa = PBXBuildFile; fileRef = BA52AA11247154FF00967AA2 /* BusinessCheckin.swift */; };
		BA533C0D244C36C10040EABF /* UIWindow+StaySafe.swift in Sources */ = {isa = PBXBuildFile; fileRef = BA533C0C244C36C10040EABF /* UIWindow+StaySafe.swift */; };
		BA570327243F06A400343016 /* CheckinViewController.swift in Sources */ = {isa = PBXBuildFile; fileRef = BA570321243F06A400343016 /* CheckinViewController.swift */; };
		BA570328243F06A400343016 /* CheckinViewModel.swift in Sources */ = {isa = PBXBuildFile; fileRef = BA570323243F06A400343016 /* CheckinViewModel.swift */; };
		BA570329243F06A400343016 /* CheckinCell.swift in Sources */ = {isa = PBXBuildFile; fileRef = BA570325243F06A400343016 /* CheckinCell.swift */; };
		BA57032A243F06A400343016 /* CheckinCell.xib in Resources */ = {isa = PBXBuildFile; fileRef = BA570326243F06A400343016 /* CheckinCell.xib */; };
		BA570331243F096500343016 /* UITableView+.swift in Sources */ = {isa = PBXBuildFile; fileRef = BA57032F243F096500343016 /* UITableView+.swift */; };
		BA570332243F096500343016 /* UIStoryboard+StaySafe.swift in Sources */ = {isa = PBXBuildFile; fileRef = BA570330243F096500343016 /* UIStoryboard+StaySafe.swift */; };
		BA570334243F098800343016 /* UIViewController+.swift in Sources */ = {isa = PBXBuildFile; fileRef = BA570333243F098800343016 /* UIViewController+.swift */; };
		BA7D5EBB2442F78400775FAD /* AppDelegate+OpenURLScheme.swift in Sources */ = {isa = PBXBuildFile; fileRef = BA7D5EBA2442F78400775FAD /* AppDelegate+OpenURLScheme.swift */; };
		BA7D5EC124431AC600775FAD /* PlacemarkCell.swift in Sources */ = {isa = PBXBuildFile; fileRef = BA7D5EBF24431AC600775FAD /* PlacemarkCell.swift */; };
		BA7D5EC224431AC600775FAD /* PlacemarkCell.xib in Resources */ = {isa = PBXBuildFile; fileRef = BA7D5EC024431AC600775FAD /* PlacemarkCell.xib */; };
		BA7D5EC5244322CE00775FAD /* Placemark.swift in Sources */ = {isa = PBXBuildFile; fileRef = BA7D5EC4244322CE00775FAD /* Placemark.swift */; };
		BA7D5EC824435E0600775FAD /* ContactUsViewController.swift in Sources */ = {isa = PBXBuildFile; fileRef = BA7D5EC724435E0600775FAD /* ContactUsViewController.swift */; };
		BA8768732456F84C00B5ACF2 /* Button.swift in Sources */ = {isa = PBXBuildFile; fileRef = BA8768722456F84C00B5ACF2 /* Button.swift */; };
		BA89B2A6244525B600F6BC0C /* CustomBusinessViewController.swift in Sources */ = {isa = PBXBuildFile; fileRef = BA89B2A5244525B600F6BC0C /* CustomBusinessViewController.swift */; };
		BA89B2A9244536AF00F6BC0C /* BusinessValidationRule.swift in Sources */ = {isa = PBXBuildFile; fileRef = BA89B2A7244536AF00F6BC0C /* BusinessValidationRule.swift */; };
		BA89B2AA244536AF00F6BC0C /* BusinessValidatorFormatter.swift in Sources */ = {isa = PBXBuildFile; fileRef = BA89B2A8244536AF00F6BC0C /* BusinessValidatorFormatter.swift */; };
		BA89B2AE2445D71300F6BC0C /* SlideViewController.swift in Sources */ = {isa = PBXBuildFile; fileRef = BA89B2AC2445D71300F6BC0C /* SlideViewController.swift */; };
		BA89B2B42445E88900F6BC0C /* Business.storyboard in Resources */ = {isa = PBXBuildFile; fileRef = BA89B2B32445E88900F6BC0C /* Business.storyboard */; };
		BA89B2B62445E9B600F6BC0C /* Person.storyboard in Resources */ = {isa = PBXBuildFile; fileRef = BA89B2B52445E9B600F6BC0C /* Person.storyboard */; };
		BA89B2B82445ED3100F6BC0C /* PersonaViewController.swift in Sources */ = {isa = PBXBuildFile; fileRef = BA89B2B72445ED3100F6BC0C /* PersonaViewController.swift */; };
		BA89B2BA2445F67300F6BC0C /* Onboarding.storyboard in Resources */ = {isa = PBXBuildFile; fileRef = BA89B2B92445F67300F6BC0C /* Onboarding.storyboard */; };
		BAAE6426245D43CE000B7888 /* SceneDelegate+Notifications.swift in Sources */ = {isa = PBXBuildFile; fileRef = BAAE6425245D43CE000B7888 /* SceneDelegate+Notifications.swift */; };
		BAAE6434245D7F6E000B7888 /* MainViewModel.swift in Sources */ = {isa = PBXBuildFile; fileRef = BAAE6433245D7F6E000B7888 /* MainViewModel.swift */; };
		BAAE6438245D902B000B7888 /* SecondaryButton.swift in Sources */ = {isa = PBXBuildFile; fileRef = BAAE6437245D902B000B7888 /* SecondaryButton.swift */; };
		BAB36D992446F0F200F0C3A9 /* PermissionManager.swift in Sources */ = {isa = PBXBuildFile; fileRef = BAB36D982446F0F200F0C3A9 /* PermissionManager.swift */; };
		BAC458C724516E340079E813 /* AVFoundation.framework in Frameworks */ = {isa = PBXBuildFile; fileRef = BAC458C624516E340079E813 /* AVFoundation.framework */; };
		BAC458CB245170320079E813 /* Vibration.swift in Sources */ = {isa = PBXBuildFile; fileRef = BAC458CA245170320079E813 /* Vibration.swift */; };
		BACE53E0243B35AE00A2F6A4 /* AppDelegate.swift in Sources */ = {isa = PBXBuildFile; fileRef = BACE53DF243B35AE00A2F6A4 /* AppDelegate.swift */; };
		BACE53E2243B35AE00A2F6A4 /* SceneDelegate.swift in Sources */ = {isa = PBXBuildFile; fileRef = BACE53E1243B35AE00A2F6A4 /* SceneDelegate.swift */; };
		BACE53E4243B35AE00A2F6A4 /* MainViewController.swift in Sources */ = {isa = PBXBuildFile; fileRef = BACE53E3243B35AE00A2F6A4 /* MainViewController.swift */; };
		BACE53EC243B35AF00A2F6A4 /* LaunchScreen.storyboard in Resources */ = {isa = PBXBuildFile; fileRef = BACE53EA243B35AF00A2F6A4 /* LaunchScreen.storyboard */; };
		BACE53F7243B35AF00A2F6A4 /* StaySafeTests.swift in Sources */ = {isa = PBXBuildFile; fileRef = BACE53F6243B35AF00A2F6A4 /* StaySafeTests.swift */; };
		BACE5402243B35AF00A2F6A4 /* StaySafeUITests.swift in Sources */ = {isa = PBXBuildFile; fileRef = BACE5401243B35AF00A2F6A4 /* StaySafeUITests.swift */; };
		BAD32C85244499CC00E8BEBF /* Assets.xcassets in Resources */ = {isa = PBXBuildFile; fileRef = BACE53E8243B35AF00A2F6A4 /* Assets.xcassets */; };
		BADAEADC243DC79D00C2A1C9 /* QRGenerator.swift in Sources */ = {isa = PBXBuildFile; fileRef = BADAEADB243DC79D00C2A1C9 /* QRGenerator.swift */; };
		BADAEADE243DC82000C2A1C9 /* QRScannerView.swift in Sources */ = {isa = PBXBuildFile; fileRef = BADAEADD243DC82000C2A1C9 /* QRScannerView.swift */; };
		BADAEAE2243DD45800C2A1C9 /* UIViewController+Alert.swift in Sources */ = {isa = PBXBuildFile; fileRef = BADAEAE1243DD45800C2A1C9 /* UIViewController+Alert.swift */; };
		BADC930D2441433300FC4E63 /* UIView+.swift in Sources */ = {isa = PBXBuildFile; fileRef = BADC930C2441433300FC4E63 /* UIView+.swift */; };
		BADC93102441577900FC4E63 /* BusinessQRViewController.swift in Sources */ = {isa = PBXBuildFile; fileRef = BADC930E2441577900FC4E63 /* BusinessQRViewController.swift */; };
		BADC93112441577900FC4E63 /* FindBusinessViewController.swift in Sources */ = {isa = PBXBuildFile; fileRef = BADC930F2441577900FC4E63 /* FindBusinessViewController.swift */; };
		BADC93162441E34100FC4E63 /* DateFormatter+.swift in Sources */ = {isa = PBXBuildFile; fileRef = BADC93152441E34100FC4E63 /* DateFormatter+.swift */; };
		BADC931B2441EC7E00FC4E63 /* ShareActivityViewControllerConfig.swift in Sources */ = {isa = PBXBuildFile; fileRef = BADC93182441EC7E00FC4E63 /* ShareActivityViewControllerConfig.swift */; };
		BADC931C2441EC7E00FC4E63 /* ShareableActivityItemProvider.swift in Sources */ = {isa = PBXBuildFile; fileRef = BADC93192441EC7E00FC4E63 /* ShareableActivityItemProvider.swift */; };
		BADC931D2441EC7E00FC4E63 /* ShareableScreen.swift in Sources */ = {isa = PBXBuildFile; fileRef = BADC931A2441EC7E00FC4E63 /* ShareableScreen.swift */; };
		BAEE77922470B4BB0042E141 /* SignUpViewController.swift in Sources */ = {isa = PBXBuildFile; fileRef = BAEE77912470B4BB0042E141 /* SignUpViewController.swift */; };
		BAFBEA2D2443FEDE00B5D946 /* CATextField.swift in Sources */ = {isa = PBXBuildFile; fileRef = BAFBEA2C2443FEDE00B5D946 /* CATextField.swift */; };
		BAFBEA312443FFB100B5D946 /* CATextFieldValidationLabel.swift in Sources */ = {isa = PBXBuildFile; fileRef = BAFBEA2E2443FFB100B5D946 /* CATextFieldValidationLabel.swift */; };
		BAFBEA322443FFB100B5D946 /* CATextFieldFloatingLabel.swift in Sources */ = {isa = PBXBuildFile; fileRef = BAFBEA2F2443FFB100B5D946 /* CATextFieldFloatingLabel.swift */; };
		BAFBEA332443FFB100B5D946 /* CATextFieldUnderline.swift in Sources */ = {isa = PBXBuildFile; fileRef = BAFBEA302443FFB100B5D946 /* CATextFieldUnderline.swift */; };
		BAFBEA35244400EA00B5D946 /* String+.swift in Sources */ = {isa = PBXBuildFile; fileRef = BAFBEA34244400EA00B5D946 /* String+.swift */; };
		BAFBEA39244401BF00B5D946 /* TextFieldFormatter.swift in Sources */ = {isa = PBXBuildFile; fileRef = BAFBEA36244401BF00B5D946 /* TextFieldFormatter.swift */; };
		BAFBEA3A244401BF00B5D946 /* TextFieldValidator.swift in Sources */ = {isa = PBXBuildFile; fileRef = BAFBEA37244401BF00B5D946 /* TextFieldValidator.swift */; };
		BAFBEA3B244401BF00B5D946 /* ValidatorFormatterTextFieldDelegate.swift in Sources */ = {isa = PBXBuildFile; fileRef = BAFBEA38244401BF00B5D946 /* ValidatorFormatterTextFieldDelegate.swift */; };
		BAFBEA3D2444043000B5D946 /* ValidationRule.swift in Sources */ = {isa = PBXBuildFile; fileRef = BAFBEA3C2444043000B5D946 /* ValidationRule.swift */; };
		BAFBEA3F2444047A00B5D946 /* ValidationRulesRegistry.swift in Sources */ = {isa = PBXBuildFile; fileRef = BAFBEA3E2444047A00B5D946 /* ValidationRulesRegistry.swift */; };
		BAFBEA412444054A00B5D946 /* ContactUsValidationRule.swift in Sources */ = {isa = PBXBuildFile; fileRef = BAFBEA402444054A00B5D946 /* ContactUsValidationRule.swift */; };
		BAFBEA43244405A600B5D946 /* ContactUsValidatorFormatter.swift in Sources */ = {isa = PBXBuildFile; fileRef = BAFBEA42244405A600B5D946 /* ContactUsValidatorFormatter.swift */; };
		BAFBEA462444065000B5D946 /* RegularExpressionTextFieldFormatter.swift in Sources */ = {isa = PBXBuildFile; fileRef = BAFBEA442444065000B5D946 /* RegularExpressionTextFieldFormatter.swift */; };
		BAFBEA472444065000B5D946 /* RegularExpressionTextFieldValidator.swift in Sources */ = {isa = PBXBuildFile; fileRef = BAFBEA452444065000B5D946 /* RegularExpressionTextFieldValidator.swift */; };
/* End PBXBuildFile section */

/* Begin PBXContainerItemProxy section */
		BACE53F3243B35AF00A2F6A4 /* PBXContainerItemProxy */ = {
			isa = PBXContainerItemProxy;
			containerPortal = BACE53D4243B35AE00A2F6A4 /* Project object */;
			proxyType = 1;
			remoteGlobalIDString = BACE53DB243B35AE00A2F6A4;
			remoteInfo = StaySafe;
		};
		BACE53FE243B35AF00A2F6A4 /* PBXContainerItemProxy */ = {
			isa = PBXContainerItemProxy;
			containerPortal = BACE53D4243B35AE00A2F6A4 /* Project object */;
			proxyType = 1;
			remoteGlobalIDString = BACE53DB243B35AE00A2F6A4;
			remoteInfo = StaySafe;
		};
/* End PBXContainerItemProxy section */

/* Begin PBXFileReference section */
		035059FAFE58791F3639BE91 /* Pods-StaySafe.debug.xcconfig */ = {isa = PBXFileReference; includeInIndex = 1; lastKnownFileType = text.xcconfig; name = "Pods-StaySafe.debug.xcconfig"; path = "Target Support Files/Pods-StaySafe/Pods-StaySafe.debug.xcconfig"; sourceTree = "<group>"; };
		21B4A667F7E850C167DEE6C0 /* Pods_StaySafeTests.framework */ = {isa = PBXFileReference; explicitFileType = wrapper.framework; includeInIndex = 0; path = Pods_StaySafeTests.framework; sourceTree = BUILT_PRODUCTS_DIR; };
		2C5B0EF4ECAD40ECDBDEAEFA /* Pods-StaySafeTests.debug.xcconfig */ = {isa = PBXFileReference; includeInIndex = 1; lastKnownFileType = text.xcconfig; name = "Pods-StaySafeTests.debug.xcconfig"; path = "Target Support Files/Pods-StaySafeTests/Pods-StaySafeTests.debug.xcconfig"; sourceTree = "<group>"; };
		47DBC603263B2EAB3CE228F6 /* Pods-StaySafeTests.release.xcconfig */ = {isa = PBXFileReference; includeInIndex = 1; lastKnownFileType = text.xcconfig; name = "Pods-StaySafeTests.release.xcconfig"; path = "Target Support Files/Pods-StaySafeTests/Pods-StaySafeTests.release.xcconfig"; sourceTree = "<group>"; };
		B8BC1A2AF7112B28FA585EE7 /* Pods_StaySafe.framework */ = {isa = PBXFileReference; explicitFileType = wrapper.framework; includeInIndex = 0; path = Pods_StaySafe.framework; sourceTree = BUILT_PRODUCTS_DIR; };
		BA0808CD246F840400C6A01C /* BusinessCheckinViewController.swift */ = {isa = PBXFileReference; fileEncoding = 4; lastKnownFileType = sourcecode.swift; path = BusinessCheckinViewController.swift; sourceTree = "<group>"; };
		BA0808CF246F841A00C6A01C /* BusinessCheckinViewModel.swift */ = {isa = PBXFileReference; fileEncoding = 4; lastKnownFileType = sourcecode.swift; path = BusinessCheckinViewModel.swift; sourceTree = "<group>"; };
		BA0808D1246FA98A00C6A01C /* GoogleService-Info.plist */ = {isa = PBXFileReference; fileEncoding = 4; lastKnownFileType = text.plist.xml; name = "GoogleService-Info.plist"; path = "../../../Downloads/GoogleService-Info.plist"; sourceTree = "<group>"; };
		BA0808D3246FAE6500C6A01C /* LoginViewController.swift */ = {isa = PBXFileReference; fileEncoding = 4; lastKnownFileType = sourcecode.swift; path = LoginViewController.swift; sourceTree = "<group>"; };
		BA1DE5B6244C1CA200B9C36A /* PrimaryButton.swift */ = {isa = PBXFileReference; lastKnownFileType = sourcecode.swift; path = PrimaryButton.swift; sourceTree = "<group>"; };
		BA1DE5B8244C1CAF00B9C36A /* CALogoView.swift */ = {isa = PBXFileReference; lastKnownFileType = sourcecode.swift; path = CALogoView.swift; sourceTree = "<group>"; };
		BA1DE5BA244C1CEE00B9C36A /* CALogoView.xib */ = {isa = PBXFileReference; lastKnownFileType = file.xib; path = CALogoView.xib; sourceTree = "<group>"; };
		BA1DE5BC244C21A200B9C36A /* UIColor+StaySafe.swift */ = {isa = PBXFileReference; lastKnownFileType = sourcecode.swift; path = "UIColor+StaySafe.swift"; sourceTree = "<group>"; };
		BA27EFB2243C876000BAA0FE /* QRTracer.entitlements */ = {isa = PBXFileReference; lastKnownFileType = text.plist.entitlements; path = QRTracer.entitlements; sourceTree = "<group>"; };
		BA27EFB3243C876B00BAA0FE /* CloudKit.framework */ = {isa = PBXFileReference; lastKnownFileType = wrapper.framework; name = CloudKit.framework; path = System/Library/Frameworks/CloudKit.framework; sourceTree = SDKROOT; };
		BA33413D244006BD0095BBE7 /* DataModel.xcdatamodel */ = {isa = PBXFileReference; lastKnownFileType = wrapper.xcdatamodel; path = DataModel.xcdatamodel; sourceTree = "<group>"; };
		BA3341432440164F0095BBE7 /* DataModelManager.swift */ = {isa = PBXFileReference; lastKnownFileType = sourcecode.swift; path = DataModelManager.swift; sourceTree = "<group>"; };
		BA33414524401CAA0095BBE7 /* DataModel 2.xcdatamodel */ = {isa = PBXFileReference; lastKnownFileType = wrapper.xcdatamodel; path = "DataModel 2.xcdatamodel"; sourceTree = "<group>"; };
		BA33414624402F550095BBE7 /* UserDefaults+StaySafe.swift */ = {isa = PBXFileReference; lastKnownFileType = sourcecode.swift; path = "UserDefaults+StaySafe.swift"; sourceTree = "<group>"; };
		BA334148244030F40095BBE7 /* AppDelegate+Notifications.swift */ = {isa = PBXFileReference; lastKnownFileType = sourcecode.swift; path = "AppDelegate+Notifications.swift"; sourceTree = "<group>"; };
		BA3756B02457E8BF001D616F /* ContactUsViewModel.swift */ = {isa = PBXFileReference; lastKnownFileType = sourcecode.swift; path = ContactUsViewModel.swift; sourceTree = "<group>"; };
		BA3756B224584DC4001D616F /* AppDelegate+ValidationRules.swift */ = {isa = PBXFileReference; lastKnownFileType = sourcecode.swift; path = "AppDelegate+ValidationRules.swift"; sourceTree = "<group>"; };
		BA52AA11247154FF00967AA2 /* BusinessCheckin.swift */ = {isa = PBXFileReference; fileEncoding = 4; lastKnownFileType = sourcecode.swift; path = BusinessCheckin.swift; sourceTree = "<group>"; };
		BA533C0C244C36C10040EABF /* UIWindow+StaySafe.swift */ = {isa = PBXFileReference; lastKnownFileType = sourcecode.swift; path = "UIWindow+StaySafe.swift"; sourceTree = "<group>"; };
		BA570321243F06A400343016 /* CheckinViewController.swift */ = {isa = PBXFileReference; fileEncoding = 4; lastKnownFileType = sourcecode.swift; path = CheckinViewController.swift; sourceTree = "<group>"; };
		BA570323243F06A400343016 /* CheckinViewModel.swift */ = {isa = PBXFileReference; fileEncoding = 4; lastKnownFileType = sourcecode.swift; path = CheckinViewModel.swift; sourceTree = "<group>"; };
		BA570325243F06A400343016 /* CheckinCell.swift */ = {isa = PBXFileReference; fileEncoding = 4; lastKnownFileType = sourcecode.swift; path = CheckinCell.swift; sourceTree = "<group>"; };
		BA570326243F06A400343016 /* CheckinCell.xib */ = {isa = PBXFileReference; fileEncoding = 4; lastKnownFileType = file.xib; path = CheckinCell.xib; sourceTree = "<group>"; };
		BA57032F243F096500343016 /* UITableView+.swift */ = {isa = PBXFileReference; fileEncoding = 4; lastKnownFileType = sourcecode.swift; path = "UITableView+.swift"; sourceTree = "<group>"; };
		BA570330243F096500343016 /* UIStoryboard+StaySafe.swift */ = {isa = PBXFileReference; fileEncoding = 4; lastKnownFileType = sourcecode.swift; path = "UIStoryboard+StaySafe.swift"; sourceTree = "<group>"; };
		BA570333243F098800343016 /* UIViewController+.swift */ = {isa = PBXFileReference; fileEncoding = 4; lastKnownFileType = sourcecode.swift; path = "UIViewController+.swift"; sourceTree = "<group>"; };
		BA7D5EBA2442F78400775FAD /* AppDelegate+OpenURLScheme.swift */ = {isa = PBXFileReference; lastKnownFileType = sourcecode.swift; path = "AppDelegate+OpenURLScheme.swift"; sourceTree = "<group>"; };
		BA7D5EBF24431AC600775FAD /* PlacemarkCell.swift */ = {isa = PBXFileReference; fileEncoding = 4; lastKnownFileType = sourcecode.swift; path = PlacemarkCell.swift; sourceTree = "<group>"; };
		BA7D5EC024431AC600775FAD /* PlacemarkCell.xib */ = {isa = PBXFileReference; fileEncoding = 4; lastKnownFileType = file.xib; path = PlacemarkCell.xib; sourceTree = "<group>"; };
		BA7D5EC4244322CE00775FAD /* Placemark.swift */ = {isa = PBXFileReference; lastKnownFileType = sourcecode.swift; path = Placemark.swift; sourceTree = "<group>"; };
		BA7D5EC724435E0600775FAD /* ContactUsViewController.swift */ = {isa = PBXFileReference; lastKnownFileType = sourcecode.swift; path = ContactUsViewController.swift; sourceTree = "<group>"; };
		BA8768722456F84C00B5ACF2 /* Button.swift */ = {isa = PBXFileReference; lastKnownFileType = sourcecode.swift; path = Button.swift; sourceTree = "<group>"; };
		BA89B2A5244525B600F6BC0C /* CustomBusinessViewController.swift */ = {isa = PBXFileReference; lastKnownFileType = sourcecode.swift; path = CustomBusinessViewController.swift; sourceTree = "<group>"; };
		BA89B2A7244536AF00F6BC0C /* BusinessValidationRule.swift */ = {isa = PBXFileReference; fileEncoding = 4; lastKnownFileType = sourcecode.swift; path = BusinessValidationRule.swift; sourceTree = "<group>"; };
		BA89B2A8244536AF00F6BC0C /* BusinessValidatorFormatter.swift */ = {isa = PBXFileReference; fileEncoding = 4; lastKnownFileType = sourcecode.swift; path = BusinessValidatorFormatter.swift; sourceTree = "<group>"; };
		BA89B2AC2445D71300F6BC0C /* SlideViewController.swift */ = {isa = PBXFileReference; fileEncoding = 4; lastKnownFileType = sourcecode.swift; path = SlideViewController.swift; sourceTree = "<group>"; };
		BA89B2B32445E88900F6BC0C /* Business.storyboard */ = {isa = PBXFileReference; lastKnownFileType = file.storyboard; path = Business.storyboard; sourceTree = "<group>"; };
		BA89B2B52445E9B600F6BC0C /* Person.storyboard */ = {isa = PBXFileReference; lastKnownFileType = file.storyboard; path = Person.storyboard; sourceTree = "<group>"; };
		BA89B2B72445ED3100F6BC0C /* PersonaViewController.swift */ = {isa = PBXFileReference; lastKnownFileType = sourcecode.swift; path = PersonaViewController.swift; sourceTree = "<group>"; };
		BA89B2B92445F67300F6BC0C /* Onboarding.storyboard */ = {isa = PBXFileReference; lastKnownFileType = file.storyboard; path = Onboarding.storyboard; sourceTree = "<group>"; };
		BAAE6425245D43CE000B7888 /* SceneDelegate+Notifications.swift */ = {isa = PBXFileReference; lastKnownFileType = sourcecode.swift; path = "SceneDelegate+Notifications.swift"; sourceTree = "<group>"; };
		BAAE6433245D7F6E000B7888 /* MainViewModel.swift */ = {isa = PBXFileReference; lastKnownFileType = sourcecode.swift; path = MainViewModel.swift; sourceTree = "<group>"; };
		BAAE6437245D902B000B7888 /* SecondaryButton.swift */ = {isa = PBXFileReference; lastKnownFileType = sourcecode.swift; path = SecondaryButton.swift; sourceTree = "<group>"; };
		BAB36D982446F0F200F0C3A9 /* PermissionManager.swift */ = {isa = PBXFileReference; lastKnownFileType = sourcecode.swift; path = PermissionManager.swift; sourceTree = "<group>"; };
		BAC458C624516E340079E813 /* AVFoundation.framework */ = {isa = PBXFileReference; lastKnownFileType = wrapper.framework; name = AVFoundation.framework; path = System/Library/Frameworks/AVFoundation.framework; sourceTree = SDKROOT; };
		BAC458CA245170320079E813 /* Vibration.swift */ = {isa = PBXFileReference; lastKnownFileType = sourcecode.swift; path = Vibration.swift; sourceTree = "<group>"; };
		BACE53DC243B35AE00A2F6A4 /* QR Tracer.app */ = {isa = PBXFileReference; explicitFileType = wrapper.application; includeInIndex = 0; path = "QR Tracer.app"; sourceTree = BUILT_PRODUCTS_DIR; };
		BACE53DF243B35AE00A2F6A4 /* AppDelegate.swift */ = {isa = PBXFileReference; lastKnownFileType = sourcecode.swift; path = AppDelegate.swift; sourceTree = "<group>"; };
		BACE53E1243B35AE00A2F6A4 /* SceneDelegate.swift */ = {isa = PBXFileReference; lastKnownFileType = sourcecode.swift; path = SceneDelegate.swift; sourceTree = "<group>"; };
		BACE53E3243B35AE00A2F6A4 /* MainViewController.swift */ = {isa = PBXFileReference; lastKnownFileType = sourcecode.swift; path = MainViewController.swift; sourceTree = "<group>"; };
		BACE53E8243B35AF00A2F6A4 /* Assets.xcassets */ = {isa = PBXFileReference; lastKnownFileType = folder.assetcatalog; path = Assets.xcassets; sourceTree = "<group>"; };
		BACE53EB243B35AF00A2F6A4 /* Base */ = {isa = PBXFileReference; lastKnownFileType = file.storyboard; name = Base; path = Base.lproj/LaunchScreen.storyboard; sourceTree = "<group>"; };
		BACE53ED243B35AF00A2F6A4 /* Info.plist */ = {isa = PBXFileReference; lastKnownFileType = text.plist.xml; path = Info.plist; sourceTree = "<group>"; };
		BACE53F2243B35AF00A2F6A4 /* StaySafeTests.xctest */ = {isa = PBXFileReference; explicitFileType = wrapper.cfbundle; includeInIndex = 0; path = StaySafeTests.xctest; sourceTree = BUILT_PRODUCTS_DIR; };
		BACE53F6243B35AF00A2F6A4 /* StaySafeTests.swift */ = {isa = PBXFileReference; lastKnownFileType = sourcecode.swift; path = StaySafeTests.swift; sourceTree = "<group>"; };
		BACE53F8243B35AF00A2F6A4 /* Info.plist */ = {isa = PBXFileReference; lastKnownFileType = text.plist.xml; path = Info.plist; sourceTree = "<group>"; };
		BACE53FD243B35AF00A2F6A4 /* StaySafeUITests.xctest */ = {isa = PBXFileReference; explicitFileType = wrapper.cfbundle; includeInIndex = 0; path = StaySafeUITests.xctest; sourceTree = BUILT_PRODUCTS_DIR; };
		BACE5401243B35AF00A2F6A4 /* StaySafeUITests.swift */ = {isa = PBXFileReference; lastKnownFileType = sourcecode.swift; path = StaySafeUITests.swift; sourceTree = "<group>"; };
		BACE5403243B35AF00A2F6A4 /* Info.plist */ = {isa = PBXFileReference; lastKnownFileType = text.plist.xml; path = Info.plist; sourceTree = "<group>"; };
		BADAEADB243DC79D00C2A1C9 /* QRGenerator.swift */ = {isa = PBXFileReference; lastKnownFileType = sourcecode.swift; path = QRGenerator.swift; sourceTree = "<group>"; };
		BADAEADD243DC82000C2A1C9 /* QRScannerView.swift */ = {isa = PBXFileReference; lastKnownFileType = sourcecode.swift; path = QRScannerView.swift; sourceTree = "<group>"; };
		BADAEAE1243DD45800C2A1C9 /* UIViewController+Alert.swift */ = {isa = PBXFileReference; lastKnownFileType = sourcecode.swift; path = "UIViewController+Alert.swift"; sourceTree = "<group>"; };
		BADC930C2441433300FC4E63 /* UIView+.swift */ = {isa = PBXFileReference; lastKnownFileType = sourcecode.swift; path = "UIView+.swift"; sourceTree = "<group>"; };
		BADC930E2441577900FC4E63 /* BusinessQRViewController.swift */ = {isa = PBXFileReference; fileEncoding = 4; lastKnownFileType = sourcecode.swift; path = BusinessQRViewController.swift; sourceTree = "<group>"; };
		BADC930F2441577900FC4E63 /* FindBusinessViewController.swift */ = {isa = PBXFileReference; fileEncoding = 4; lastKnownFileType = sourcecode.swift; path = FindBusinessViewController.swift; sourceTree = "<group>"; };
		BADC93152441E34100FC4E63 /* DateFormatter+.swift */ = {isa = PBXFileReference; lastKnownFileType = sourcecode.swift; path = "DateFormatter+.swift"; sourceTree = "<group>"; };
		BADC93182441EC7E00FC4E63 /* ShareActivityViewControllerConfig.swift */ = {isa = PBXFileReference; fileEncoding = 4; lastKnownFileType = sourcecode.swift; path = ShareActivityViewControllerConfig.swift; sourceTree = "<group>"; };
		BADC93192441EC7E00FC4E63 /* ShareableActivityItemProvider.swift */ = {isa = PBXFileReference; fileEncoding = 4; lastKnownFileType = sourcecode.swift; path = ShareableActivityItemProvider.swift; sourceTree = "<group>"; };
		BADC931A2441EC7E00FC4E63 /* ShareableScreen.swift */ = {isa = PBXFileReference; fileEncoding = 4; lastKnownFileType = sourcecode.swift; path = ShareableScreen.swift; sourceTree = "<group>"; };
		BAEE77912470B4BB0042E141 /* SignUpViewController.swift */ = {isa = PBXFileReference; lastKnownFileType = sourcecode.swift; path = SignUpViewController.swift; sourceTree = "<group>"; };
		BAFBEA2C2443FEDE00B5D946 /* CATextField.swift */ = {isa = PBXFileReference; fileEncoding = 4; lastKnownFileType = sourcecode.swift; path = CATextField.swift; sourceTree = "<group>"; };
		BAFBEA2E2443FFB100B5D946 /* CATextFieldValidationLabel.swift */ = {isa = PBXFileReference; fileEncoding = 4; lastKnownFileType = sourcecode.swift; path = CATextFieldValidationLabel.swift; sourceTree = "<group>"; };
		BAFBEA2F2443FFB100B5D946 /* CATextFieldFloatingLabel.swift */ = {isa = PBXFileReference; fileEncoding = 4; lastKnownFileType = sourcecode.swift; path = CATextFieldFloatingLabel.swift; sourceTree = "<group>"; };
		BAFBEA302443FFB100B5D946 /* CATextFieldUnderline.swift */ = {isa = PBXFileReference; fileEncoding = 4; lastKnownFileType = sourcecode.swift; path = CATextFieldUnderline.swift; sourceTree = "<group>"; };
		BAFBEA34244400EA00B5D946 /* String+.swift */ = {isa = PBXFileReference; lastKnownFileType = sourcecode.swift; path = "String+.swift"; sourceTree = "<group>"; };
		BAFBEA36244401BF00B5D946 /* TextFieldFormatter.swift */ = {isa = PBXFileReference; fileEncoding = 4; lastKnownFileType = sourcecode.swift; path = TextFieldFormatter.swift; sourceTree = "<group>"; };
		BAFBEA37244401BF00B5D946 /* TextFieldValidator.swift */ = {isa = PBXFileReference; fileEncoding = 4; lastKnownFileType = sourcecode.swift; path = TextFieldValidator.swift; sourceTree = "<group>"; };
		BAFBEA38244401BF00B5D946 /* ValidatorFormatterTextFieldDelegate.swift */ = {isa = PBXFileReference; fileEncoding = 4; lastKnownFileType = sourcecode.swift; path = ValidatorFormatterTextFieldDelegate.swift; sourceTree = "<group>"; };
		BAFBEA3C2444043000B5D946 /* ValidationRule.swift */ = {isa = PBXFileReference; fileEncoding = 4; lastKnownFileType = sourcecode.swift; path = ValidationRule.swift; sourceTree = "<group>"; };
		BAFBEA3E2444047A00B5D946 /* ValidationRulesRegistry.swift */ = {isa = PBXFileReference; fileEncoding = 4; lastKnownFileType = sourcecode.swift; path = ValidationRulesRegistry.swift; sourceTree = "<group>"; };
		BAFBEA402444054A00B5D946 /* ContactUsValidationRule.swift */ = {isa = PBXFileReference; lastKnownFileType = sourcecode.swift; path = ContactUsValidationRule.swift; sourceTree = "<group>"; };
		BAFBEA42244405A600B5D946 /* ContactUsValidatorFormatter.swift */ = {isa = PBXFileReference; lastKnownFileType = sourcecode.swift; path = ContactUsValidatorFormatter.swift; sourceTree = "<group>"; };
		BAFBEA442444065000B5D946 /* RegularExpressionTextFieldFormatter.swift */ = {isa = PBXFileReference; fileEncoding = 4; lastKnownFileType = sourcecode.swift; path = RegularExpressionTextFieldFormatter.swift; sourceTree = "<group>"; };
		BAFBEA452444065000B5D946 /* RegularExpressionTextFieldValidator.swift */ = {isa = PBXFileReference; fileEncoding = 4; lastKnownFileType = sourcecode.swift; path = RegularExpressionTextFieldValidator.swift; sourceTree = "<group>"; };
		E4D9E30547E7EAD8702C8BFC /* Pods-StaySafe.release.xcconfig */ = {isa = PBXFileReference; includeInIndex = 1; lastKnownFileType = text.xcconfig; name = "Pods-StaySafe.release.xcconfig"; path = "Target Support Files/Pods-StaySafe/Pods-StaySafe.release.xcconfig"; sourceTree = "<group>"; };
/* End PBXFileReference section */

/* Begin PBXFrameworksBuildPhase section */
		BACE53D9243B35AE00A2F6A4 /* Frameworks */ = {
			isa = PBXFrameworksBuildPhase;
			buildActionMask = 2147483647;
			files = (
				3FA06BC131C3E9B427B1F3CC /* Pods_StaySafe.framework in Frameworks */,
				BA27EFB4243C876B00BAA0FE /* CloudKit.framework in Frameworks */,
				BAC458C724516E340079E813 /* AVFoundation.framework in Frameworks */,
			);
			runOnlyForDeploymentPostprocessing = 0;
		};
		BACE53EF243B35AF00A2F6A4 /* Frameworks */ = {
			isa = PBXFrameworksBuildPhase;
			buildActionMask = 2147483647;
			files = (
				9B2BB67EC37BBD9A2CC235A8 /* Pods_StaySafeTests.framework in Frameworks */,
			);
			runOnlyForDeploymentPostprocessing = 0;
		};
		BACE53FA243B35AF00A2F6A4 /* Frameworks */ = {
			isa = PBXFrameworksBuildPhase;
			buildActionMask = 2147483647;
			files = (
			);
			runOnlyForDeploymentPostprocessing = 0;
		};
/* End PBXFrameworksBuildPhase section */

/* Begin PBXGroup section */
		BA33413B244006A20095BBE7 /* DataModel */ = {
			isa = PBXGroup;
			children = (
				BA33413C244006BD0095BBE7 /* DataModel.xcdatamodeld */,
				BA3341432440164F0095BBE7 /* DataModelManager.swift */,
			);
			path = DataModel;
			sourceTree = "<group>";
		};
		BA57031F243F06A400343016 /* Person */ = {
			isa = PBXGroup;
			children = (
				BA89B2B52445E9B600F6BC0C /* Person.storyboard */,
				BA570320243F06A400343016 /* Controller */,
				BA570322243F06A400343016 /* Model */,
				BA570324243F06A400343016 /* View */,
			);
			path = Person;
			sourceTree = "<group>";
		};
		BA570320243F06A400343016 /* Controller */ = {
			isa = PBXGroup;
			children = (
				BACE53E3243B35AE00A2F6A4 /* MainViewController.swift */,
				BA570321243F06A400343016 /* CheckinViewController.swift */,
				BA7D5EC724435E0600775FAD /* ContactUsViewController.swift */,
			);
			path = Controller;
			sourceTree = "<group>";
		};
		BA570322243F06A400343016 /* Model */ = {
			isa = PBXGroup;
			children = (
				BAAE6433245D7F6E000B7888 /* MainViewModel.swift */,
				BA570323243F06A400343016 /* CheckinViewModel.swift */,
				BA3756B02457E8BF001D616F /* ContactUsViewModel.swift */,
				BAFBEA402444054A00B5D946 /* ContactUsValidationRule.swift */,
				BAFBEA42244405A600B5D946 /* ContactUsValidatorFormatter.swift */,
			);
			path = Model;
			sourceTree = "<group>";
		};
		BA570324243F06A400343016 /* View */ = {
			isa = PBXGroup;
			children = (
				BA570325243F06A400343016 /* CheckinCell.swift */,
				BA570326243F06A400343016 /* CheckinCell.xib */,
			);
			path = View;
			sourceTree = "<group>";
		};
		BA6DB66124443A1100AC7BD4 /* ValidatorFormater */ = {
			isa = PBXGroup;
			children = (
				BAFBEA442444065000B5D946 /* RegularExpressionTextFieldFormatter.swift */,
				BAFBEA452444065000B5D946 /* RegularExpressionTextFieldValidator.swift */,
				BAFBEA3C2444043000B5D946 /* ValidationRule.swift */,
				BAFBEA3E2444047A00B5D946 /* ValidationRulesRegistry.swift */,
				BAFBEA38244401BF00B5D946 /* ValidatorFormatterTextFieldDelegate.swift */,
				BAFBEA36244401BF00B5D946 /* TextFieldFormatter.swift */,
				BAFBEA37244401BF00B5D946 /* TextFieldValidator.swift */,
			);
			path = ValidatorFormater;
			sourceTree = "<group>";
		};
		BA7D5EBE24431AC600775FAD /* View */ = {
			isa = PBXGroup;
			children = (
				BA7D5EBF24431AC600775FAD /* PlacemarkCell.swift */,
				BA7D5EC024431AC600775FAD /* PlacemarkCell.xib */,
			);
			path = View;
			sourceTree = "<group>";
		};
		BA7D5EC3244322B900775FAD /* Model */ = {
			isa = PBXGroup;
			children = (
				BA0808CF246F841A00C6A01C /* BusinessCheckinViewModel.swift */,
				BA89B2A7244536AF00F6BC0C /* BusinessValidationRule.swift */,
				BA89B2A8244536AF00F6BC0C /* BusinessValidatorFormatter.swift */,
				BA7D5EC4244322CE00775FAD /* Placemark.swift */,
				BA52AA11247154FF00967AA2 /* BusinessCheckin.swift */,
			);
			path = Model;
			sourceTree = "<group>";
		};
		BA7D5EC6244322E500775FAD /* Controller */ = {
			isa = PBXGroup;
			children = (
				BA0808D3246FAE6500C6A01C /* LoginViewController.swift */,
				BAEE77912470B4BB0042E141 /* SignUpViewController.swift */,
				BADC930F2441577900FC4E63 /* FindBusinessViewController.swift */,
				BA89B2A5244525B600F6BC0C /* CustomBusinessViewController.swift */,
				BADC930E2441577900FC4E63 /* BusinessQRViewController.swift */,
				BA0808CD246F840400C6A01C /* BusinessCheckinViewController.swift */,
			);
			path = Controller;
			sourceTree = "<group>";
		};
		BA89B2AB2445D6E000F6BC0C /* Onboarding */ = {
			isa = PBXGroup;
			children = (
				BA89B2B92445F67300F6BC0C /* Onboarding.storyboard */,
				BAB36D9B2446FB8200F0C3A9 /* Controller */,
			);
			path = Onboarding;
			sourceTree = "<group>";
		};
		BAB36D972446F0D600F0C3A9 /* PermissionManager */ = {
			isa = PBXGroup;
			children = (
				BAB36D982446F0F200F0C3A9 /* PermissionManager.swift */,
			);
			path = PermissionManager;
			sourceTree = "<group>";
		};
		BAB36D9B2446FB8200F0C3A9 /* Controller */ = {
			isa = PBXGroup;
			children = (
				BA89B2AC2445D71300F6BC0C /* SlideViewController.swift */,
				BA89B2B72445ED3100F6BC0C /* PersonaViewController.swift */,
			);
			path = Controller;
			sourceTree = "<group>";
		};
		BAB36D9C2447200800F0C3A9 /* Util */ = {
			isa = PBXGroup;
			children = (
				BAEE77932470D8C70042E141 /* Components */,
				BADAEAE0243DD42800C2A1C9 /* Extensions */,
				BAB36D972446F0D600F0C3A9 /* PermissionManager */,
				BADC93172441EC7E00FC4E63 /* Share */,
				BADAEADF243DD3E500C2A1C9 /* QR */,
				BAFBEA2B2443FEC900B5D946 /* CATextField */,
				BA6DB66124443A1100AC7BD4 /* ValidatorFormater */,
				BAC458CA245170320079E813 /* Vibration.swift */,
			);
			path = Util;
			sourceTree = "<group>";
		};
		BACE53D3243B35AE00A2F6A4 = {
			isa = PBXGroup;
			children = (
				BACE53DE243B35AE00A2F6A4 /* StaySafe */,
				BACE53F5243B35AF00A2F6A4 /* StaySafeTests */,
				BACE5400243B35AF00A2F6A4 /* StaySafeUITests */,
				BACE53DD243B35AE00A2F6A4 /* Products */,
				F9588B657711D6EB2241EFB3 /* Pods */,
				CC7C553CD5E71C6143C98F9D /* Frameworks */,
			);
			sourceTree = "<group>";
		};
		BACE53DD243B35AE00A2F6A4 /* Products */ = {
			isa = PBXGroup;
			children = (
				BACE53DC243B35AE00A2F6A4 /* QR Tracer.app */,
				BACE53F2243B35AF00A2F6A4 /* StaySafeTests.xctest */,
				BACE53FD243B35AF00A2F6A4 /* StaySafeUITests.xctest */,
			);
			name = Products;
			sourceTree = "<group>";
		};
		BACE53DE243B35AE00A2F6A4 /* StaySafe */ = {
			isa = PBXGroup;
			children = (
				BAEE77942470D90D0042E141 /* DatabaseManager */,
				BA33413B244006A20095BBE7 /* DataModel */,
				BAB36D9C2447200800F0C3A9 /* Util */,
				BA27EFB2243C876000BAA0FE /* QRTracer.entitlements */,
				BA1DE5BC244C21A200B9C36A /* UIColor+StaySafe.swift */,
				BA533C0C244C36C10040EABF /* UIWindow+StaySafe.swift */,
				BA570330243F096500343016 /* UIStoryboard+StaySafe.swift */,
				BACE53DF243B35AE00A2F6A4 /* AppDelegate.swift */,
				BA3756B224584DC4001D616F /* AppDelegate+ValidationRules.swift */,
				BA334148244030F40095BBE7 /* AppDelegate+Notifications.swift */,
				BA7D5EBA2442F78400775FAD /* AppDelegate+OpenURLScheme.swift */,
				BACE53E1243B35AE00A2F6A4 /* SceneDelegate.swift */,
				BAAE6425245D43CE000B7888 /* SceneDelegate+Notifications.swift */,
				BA89B2AB2445D6E000F6BC0C /* Onboarding */,
				BA57031F243F06A400343016 /* Person */,
				BAE604CE243C6A5E009FC142 /* Business */,
				BACE53E8243B35AF00A2F6A4 /* Assets.xcassets */,
				BACE53EA243B35AF00A2F6A4 /* LaunchScreen.storyboard */,
				BA0808D1246FA98A00C6A01C /* GoogleService-Info.plist */,
				BACE53ED243B35AF00A2F6A4 /* Info.plist */,
			);
			path = StaySafe;
			sourceTree = "<group>";
		};
		BACE53F5243B35AF00A2F6A4 /* StaySafeTests */ = {
			isa = PBXGroup;
			children = (
				BACE53F6243B35AF00A2F6A4 /* StaySafeTests.swift */,
				BACE53F8243B35AF00A2F6A4 /* Info.plist */,
			);
			path = StaySafeTests;
			sourceTree = "<group>";
		};
		BACE5400243B35AF00A2F6A4 /* StaySafeUITests */ = {
			isa = PBXGroup;
			children = (
				BACE5401243B35AF00A2F6A4 /* StaySafeUITests.swift */,
				BACE5403243B35AF00A2F6A4 /* Info.plist */,
			);
			path = StaySafeUITests;
			sourceTree = "<group>";
		};
		BADAEADF243DD3E500C2A1C9 /* QR */ = {
			isa = PBXGroup;
			children = (
				BADAEADB243DC79D00C2A1C9 /* QRGenerator.swift */,
				BADAEADD243DC82000C2A1C9 /* QRScannerView.swift */,
			);
			path = QR;
			sourceTree = "<group>";
		};
		BADAEAE0243DD42800C2A1C9 /* Extensions */ = {
			isa = PBXGroup;
			children = (
				BA57032F243F096500343016 /* UITableView+.swift */,
				BA570333243F098800343016 /* UIViewController+.swift */,
				BADAEAE1243DD45800C2A1C9 /* UIViewController+Alert.swift */,
				BADC930C2441433300FC4E63 /* UIView+.swift */,
				BADC93152441E34100FC4E63 /* DateFormatter+.swift */,
				BAFBEA34244400EA00B5D946 /* String+.swift */,
			);
			path = Extensions;
			sourceTree = "<group>";
		};
		BADC93172441EC7E00FC4E63 /* Share */ = {
			isa = PBXGroup;
			children = (
				BADC93182441EC7E00FC4E63 /* ShareActivityViewControllerConfig.swift */,
				BADC93192441EC7E00FC4E63 /* ShareableActivityItemProvider.swift */,
				BADC931A2441EC7E00FC4E63 /* ShareableScreen.swift */,
			);
			path = Share;
			sourceTree = "<group>";
		};
		BAE604CE243C6A5E009FC142 /* Business */ = {
			isa = PBXGroup;
			children = (
				BA89B2B32445E88900F6BC0C /* Business.storyboard */,
				BA7D5EC6244322E500775FAD /* Controller */,
				BA7D5EC3244322B900775FAD /* Model */,
				BA7D5EBE24431AC600775FAD /* View */,
			);
			path = Business;
			sourceTree = "<group>";
		};
		BAEE77932470D8C70042E141 /* Components */ = {
			isa = PBXGroup;
			children = (
				BA1DE5B8244C1CAF00B9C36A /* CALogoView.swift */,
				BA1DE5BA244C1CEE00B9C36A /* CALogoView.xib */,
				BA8768722456F84C00B5ACF2 /* Button.swift */,
				BA1DE5B6244C1CA200B9C36A /* PrimaryButton.swift */,
				BAAE6437245D902B000B7888 /* SecondaryButton.swift */,
			);
			path = Components;
			sourceTree = "<group>";
		};
		BAEE77942470D90D0042E141 /* DatabaseManager */ = {
			isa = PBXGroup;
			children = (
				BA33414624402F550095BBE7 /* UserDefaults+StaySafe.swift */,
			);
			path = DatabaseManager;
			sourceTree = "<group>";
		};
		BAFBEA2B2443FEC900B5D946 /* CATextField */ = {
			isa = PBXGroup;
			children = (
				BAFBEA2C2443FEDE00B5D946 /* CATextField.swift */,
				BAFBEA2F2443FFB100B5D946 /* CATextFieldFloatingLabel.swift */,
				BAFBEA302443FFB100B5D946 /* CATextFieldUnderline.swift */,
				BAFBEA2E2443FFB100B5D946 /* CATextFieldValidationLabel.swift */,
			);
			path = CATextField;
			sourceTree = "<group>";
		};
		CC7C553CD5E71C6143C98F9D /* Frameworks */ = {
			isa = PBXGroup;
			children = (
				BAC458C624516E340079E813 /* AVFoundation.framework */,
				BA27EFB3243C876B00BAA0FE /* CloudKit.framework */,
				B8BC1A2AF7112B28FA585EE7 /* Pods_StaySafe.framework */,
				21B4A667F7E850C167DEE6C0 /* Pods_StaySafeTests.framework */,
			);
			name = Frameworks;
			sourceTree = "<group>";
		};
		F9588B657711D6EB2241EFB3 /* Pods */ = {
			isa = PBXGroup;
			children = (
				035059FAFE58791F3639BE91 /* Pods-StaySafe.debug.xcconfig */,
				E4D9E30547E7EAD8702C8BFC /* Pods-StaySafe.release.xcconfig */,
				2C5B0EF4ECAD40ECDBDEAEFA /* Pods-StaySafeTests.debug.xcconfig */,
				47DBC603263B2EAB3CE228F6 /* Pods-StaySafeTests.release.xcconfig */,
			);
			path = Pods;
			sourceTree = "<group>";
		};
/* End PBXGroup section */

/* Begin PBXNativeTarget section */
		BACE53DB243B35AE00A2F6A4 /* StaySafe */ = {
			isa = PBXNativeTarget;
			buildConfigurationList = BACE5406243B35AF00A2F6A4 /* Build configuration list for PBXNativeTarget "StaySafe" */;
			buildPhases = (
				EF3562B8A87AF2118946AD68 /* [CP] Check Pods Manifest.lock */,
				BACE53D8243B35AE00A2F6A4 /* Sources */,
				BACE53D9243B35AE00A2F6A4 /* Frameworks */,
				BACE53DA243B35AE00A2F6A4 /* Resources */,
				27B319BD587186750670231A /* [CP] Embed Pods Frameworks */,
			);
			buildRules = (
			);
			dependencies = (
			);
			name = StaySafe;
			productName = StaySafe;
			productReference = BACE53DC243B35AE00A2F6A4 /* QR Tracer.app */;
			productType = "com.apple.product-type.application";
		};
		BACE53F1243B35AF00A2F6A4 /* StaySafeTests */ = {
			isa = PBXNativeTarget;
			buildConfigurationList = BACE5409243B35AF00A2F6A4 /* Build configuration list for PBXNativeTarget "StaySafeTests" */;
			buildPhases = (
				4D80108D1E10DCFBD86815F9 /* [CP] Check Pods Manifest.lock */,
				BACE53EE243B35AF00A2F6A4 /* Sources */,
				BACE53EF243B35AF00A2F6A4 /* Frameworks */,
				BACE53F0243B35AF00A2F6A4 /* Resources */,
				02F1E8ECC3E3AA692AFF08F7 /* [CP] Embed Pods Frameworks */,
			);
			buildRules = (
			);
			dependencies = (
				BACE53F4243B35AF00A2F6A4 /* PBXTargetDependency */,
			);
			name = StaySafeTests;
			productName = StaySafeTests;
			productReference = BACE53F2243B35AF00A2F6A4 /* StaySafeTests.xctest */;
			productType = "com.apple.product-type.bundle.unit-test";
		};
		BACE53FC243B35AF00A2F6A4 /* StaySafeUITests */ = {
			isa = PBXNativeTarget;
			buildConfigurationList = BACE540C243B35AF00A2F6A4 /* Build configuration list for PBXNativeTarget "StaySafeUITests" */;
			buildPhases = (
				BACE53F9243B35AF00A2F6A4 /* Sources */,
				BACE53FA243B35AF00A2F6A4 /* Frameworks */,
				BACE53FB243B35AF00A2F6A4 /* Resources */,
			);
			buildRules = (
			);
			dependencies = (
				BACE53FF243B35AF00A2F6A4 /* PBXTargetDependency */,
			);
			name = StaySafeUITests;
			productName = StaySafeUITests;
			productReference = BACE53FD243B35AF00A2F6A4 /* StaySafeUITests.xctest */;
			productType = "com.apple.product-type.bundle.ui-testing";
		};
/* End PBXNativeTarget section */

/* Begin PBXProject section */
		BACE53D4243B35AE00A2F6A4 /* Project object */ = {
			isa = PBXProject;
			attributes = {
				LastSwiftUpdateCheck = 1140;
				LastUpgradeCheck = 1140;
				ORGANIZATIONNAME = iProgram;
				TargetAttributes = {
					BACE53DB243B35AE00A2F6A4 = {
						CreatedOnToolsVersion = 11.4;
					};
					BACE53F1243B35AF00A2F6A4 = {
						CreatedOnToolsVersion = 11.4;
						TestTargetID = BACE53DB243B35AE00A2F6A4;
					};
					BACE53FC243B35AF00A2F6A4 = {
						CreatedOnToolsVersion = 11.4;
						TestTargetID = BACE53DB243B35AE00A2F6A4;
					};
				};
			};
			buildConfigurationList = BACE53D7243B35AE00A2F6A4 /* Build configuration list for PBXProject "StaySafe" */;
			compatibilityVersion = "Xcode 9.3";
			developmentRegion = en;
			hasScannedForEncodings = 0;
			knownRegions = (
				en,
				Base,
			);
			mainGroup = BACE53D3243B35AE00A2F6A4;
			productRefGroup = BACE53DD243B35AE00A2F6A4 /* Products */;
			projectDirPath = "";
			projectRoot = "";
			targets = (
				BACE53DB243B35AE00A2F6A4 /* StaySafe */,
				BACE53F1243B35AF00A2F6A4 /* StaySafeTests */,
				BACE53FC243B35AF00A2F6A4 /* StaySafeUITests */,
			);
		};
/* End PBXProject section */

/* Begin PBXResourcesBuildPhase section */
		BACE53DA243B35AE00A2F6A4 /* Resources */ = {
			isa = PBXResourcesBuildPhase;
			buildActionMask = 2147483647;
			files = (
				BACE53EC243B35AF00A2F6A4 /* LaunchScreen.storyboard in Resources */,
				BA7D5EC224431AC600775FAD /* PlacemarkCell.xib in Resources */,
				BA0808D2246FA98A00C6A01C /* GoogleService-Info.plist in Resources */,
				BA89B2B62445E9B600F6BC0C /* Person.storyboard in Resources */,
				BA57032A243F06A400343016 /* CheckinCell.xib in Resources */,
				BA89B2B42445E88900F6BC0C /* Business.storyboard in Resources */,
				BAD32C85244499CC00E8BEBF /* Assets.xcassets in Resources */,
				BA89B2BA2445F67300F6BC0C /* Onboarding.storyboard in Resources */,
				BA1DE5BB244C1CEE00B9C36A /* CALogoView.xib in Resources */,
			);
			runOnlyForDeploymentPostprocessing = 0;
		};
		BACE53F0243B35AF00A2F6A4 /* Resources */ = {
			isa = PBXResourcesBuildPhase;
			buildActionMask = 2147483647;
			files = (
			);
			runOnlyForDeploymentPostprocessing = 0;
		};
		BACE53FB243B35AF00A2F6A4 /* Resources */ = {
			isa = PBXResourcesBuildPhase;
			buildActionMask = 2147483647;
			files = (
			);
			runOnlyForDeploymentPostprocessing = 0;
		};
/* End PBXResourcesBuildPhase section */

/* Begin PBXShellScriptBuildPhase section */
		02F1E8ECC3E3AA692AFF08F7 /* [CP] Embed Pods Frameworks */ = {
			isa = PBXShellScriptBuildPhase;
			buildActionMask = 2147483647;
			files = (
			);
			inputFileListPaths = (
				"${PODS_ROOT}/Target Support Files/Pods-StaySafeTests/Pods-StaySafeTests-frameworks-${CONFIGURATION}-input-files.xcfilelist",
			);
			name = "[CP] Embed Pods Frameworks";
			outputFileListPaths = (
				"${PODS_ROOT}/Target Support Files/Pods-StaySafeTests/Pods-StaySafeTests-frameworks-${CONFIGURATION}-output-files.xcfilelist",
			);
			runOnlyForDeploymentPostprocessing = 0;
			shellPath = /bin/sh;
			shellScript = "\"${PODS_ROOT}/Target Support Files/Pods-StaySafeTests/Pods-StaySafeTests-frameworks.sh\"\n";
			showEnvVarsInLog = 0;
		};
		27B319BD587186750670231A /* [CP] Embed Pods Frameworks */ = {
			isa = PBXShellScriptBuildPhase;
			buildActionMask = 2147483647;
			files = (
			);
			inputFileListPaths = (
				"${PODS_ROOT}/Target Support Files/Pods-StaySafe/Pods-StaySafe-frameworks-${CONFIGURATION}-input-files.xcfilelist",
			);
			name = "[CP] Embed Pods Frameworks";
			outputFileListPaths = (
				"${PODS_ROOT}/Target Support Files/Pods-StaySafe/Pods-StaySafe-frameworks-${CONFIGURATION}-output-files.xcfilelist",
			);
			runOnlyForDeploymentPostprocessing = 0;
			shellPath = /bin/sh;
			shellScript = "\"${PODS_ROOT}/Target Support Files/Pods-StaySafe/Pods-StaySafe-frameworks.sh\"\n";
			showEnvVarsInLog = 0;
		};
		4D80108D1E10DCFBD86815F9 /* [CP] Check Pods Manifest.lock */ = {
			isa = PBXShellScriptBuildPhase;
			buildActionMask = 2147483647;
			files = (
			);
			inputFileListPaths = (
			);
			inputPaths = (
				"${PODS_PODFILE_DIR_PATH}/Podfile.lock",
				"${PODS_ROOT}/Manifest.lock",
			);
			name = "[CP] Check Pods Manifest.lock";
			outputFileListPaths = (
			);
			outputPaths = (
				"$(DERIVED_FILE_DIR)/Pods-StaySafeTests-checkManifestLockResult.txt",
			);
			runOnlyForDeploymentPostprocessing = 0;
			shellPath = /bin/sh;
			shellScript = "diff \"${PODS_PODFILE_DIR_PATH}/Podfile.lock\" \"${PODS_ROOT}/Manifest.lock\" > /dev/null\nif [ $? != 0 ] ; then\n    # print error to STDERR\n    echo \"error: The sandbox is not in sync with the Podfile.lock. Run 'pod install' or update your CocoaPods installation.\" >&2\n    exit 1\nfi\n# This output is used by Xcode 'outputs' to avoid re-running this script phase.\necho \"SUCCESS\" > \"${SCRIPT_OUTPUT_FILE_0}\"\n";
			showEnvVarsInLog = 0;
		};
		EF3562B8A87AF2118946AD68 /* [CP] Check Pods Manifest.lock */ = {
			isa = PBXShellScriptBuildPhase;
			buildActionMask = 2147483647;
			files = (
			);
			inputFileListPaths = (
			);
			inputPaths = (
				"${PODS_PODFILE_DIR_PATH}/Podfile.lock",
				"${PODS_ROOT}/Manifest.lock",
			);
			name = "[CP] Check Pods Manifest.lock";
			outputFileListPaths = (
			);
			outputPaths = (
				"$(DERIVED_FILE_DIR)/Pods-StaySafe-checkManifestLockResult.txt",
			);
			runOnlyForDeploymentPostprocessing = 0;
			shellPath = /bin/sh;
			shellScript = "diff \"${PODS_PODFILE_DIR_PATH}/Podfile.lock\" \"${PODS_ROOT}/Manifest.lock\" > /dev/null\nif [ $? != 0 ] ; then\n    # print error to STDERR\n    echo \"error: The sandbox is not in sync with the Podfile.lock. Run 'pod install' or update your CocoaPods installation.\" >&2\n    exit 1\nfi\n# This output is used by Xcode 'outputs' to avoid re-running this script phase.\necho \"SUCCESS\" > \"${SCRIPT_OUTPUT_FILE_0}\"\n";
			showEnvVarsInLog = 0;
		};
/* End PBXShellScriptBuildPhase section */

/* Begin PBXSourcesBuildPhase section */
		BACE53D8243B35AE00A2F6A4 /* Sources */ = {
			isa = PBXSourcesBuildPhase;
			buildActionMask = 2147483647;
			files = (
				BA0808D4246FAE6500C6A01C /* LoginViewController.swift in Sources */,
				BAAE6438245D902B000B7888 /* SecondaryButton.swift in Sources */,
				BAFBEA3A244401BF00B5D946 /* TextFieldValidator.swift in Sources */,
				BA1DE5BD244C21A200B9C36A /* UIColor+StaySafe.swift in Sources */,
				BA33414724402F550095BBE7 /* UserDefaults+StaySafe.swift in Sources */,
				BADC931C2441EC7E00FC4E63 /* ShareableActivityItemProvider.swift in Sources */,
				BA570334243F098800343016 /* UIViewController+.swift in Sources */,
				BADC93112441577900FC4E63 /* FindBusinessViewController.swift in Sources */,
				BA89B2AA244536AF00F6BC0C /* BusinessValidatorFormatter.swift in Sources */,
				BAC458CB245170320079E813 /* Vibration.swift in Sources */,
				BAEE77922470B4BB0042E141 /* SignUpViewController.swift in Sources */,
				BA7D5EC5244322CE00775FAD /* Placemark.swift in Sources */,
				BAFBEA43244405A600B5D946 /* ContactUsValidatorFormatter.swift in Sources */,
				BA8768732456F84C00B5ACF2 /* Button.swift in Sources */,
				BADC931D2441EC7E00FC4E63 /* ShareableScreen.swift in Sources */,
				BAAE6426245D43CE000B7888 /* SceneDelegate+Notifications.swift in Sources */,
				BA7D5EC124431AC600775FAD /* PlacemarkCell.swift in Sources */,
				BAFBEA35244400EA00B5D946 /* String+.swift in Sources */,
				BAFBEA3F2444047A00B5D946 /* ValidationRulesRegistry.swift in Sources */,
				BADC93162441E34100FC4E63 /* DateFormatter+.swift in Sources */,
				BA89B2B82445ED3100F6BC0C /* PersonaViewController.swift in Sources */,
				BAFBEA332443FFB100B5D946 /* CATextFieldUnderline.swift in Sources */,
				BA1DE5B9244C1CAF00B9C36A /* CALogoView.swift in Sources */,
				BA570329243F06A400343016 /* CheckinCell.swift in Sources */,
				BA89B2A6244525B600F6BC0C /* CustomBusinessViewController.swift in Sources */,
				BADC931B2441EC7E00FC4E63 /* ShareActivityViewControllerConfig.swift in Sources */,
				BA570328243F06A400343016 /* CheckinViewModel.swift in Sources */,
				BAFBEA462444065000B5D946 /* RegularExpressionTextFieldFormatter.swift in Sources */,
				BADAEADC243DC79D00C2A1C9 /* QRGenerator.swift in Sources */,
				BACE53E4243B35AE00A2F6A4 /* MainViewController.swift in Sources */,
				BA33413E244006BD0095BBE7 /* DataModel.xcdatamodeld in Sources */,
				BA570327243F06A400343016 /* CheckinViewController.swift in Sources */,
				BA533C0D244C36C10040EABF /* UIWindow+StaySafe.swift in Sources */,
				BA89B2A9244536AF00F6BC0C /* BusinessValidationRule.swift in Sources */,
				BAFBEA412444054A00B5D946 /* ContactUsValidationRule.swift in Sources */,
				BAFBEA472444065000B5D946 /* RegularExpressionTextFieldValidator.swift in Sources */,
				BA89B2AE2445D71300F6BC0C /* SlideViewController.swift in Sources */,
				BAAE6434245D7F6E000B7888 /* MainViewModel.swift in Sources */,
				BAFBEA3D2444043000B5D946 /* ValidationRule.swift in Sources */,
				BAFBEA312443FFB100B5D946 /* CATextFieldValidationLabel.swift in Sources */,
				BA570331243F096500343016 /* UITableView+.swift in Sources */,
				BAB36D992446F0F200F0C3A9 /* PermissionManager.swift in Sources */,
				BA334149244030F40095BBE7 /* AppDelegate+Notifications.swift in Sources */,
				BADAEADE243DC82000C2A1C9 /* QRScannerView.swift in Sources */,
				BAFBEA39244401BF00B5D946 /* TextFieldFormatter.swift in Sources */,
				BA3341442440164F0095BBE7 /* DataModelManager.swift in Sources */,
				BA0808CE246F840400C6A01C /* BusinessCheckinViewController.swift in Sources */,
				BA570332243F096500343016 /* UIStoryboard+StaySafe.swift in Sources */,
				BA3756B12457E8BF001D616F /* ContactUsViewModel.swift in Sources */,
				BAFBEA3B244401BF00B5D946 /* ValidatorFormatterTextFieldDelegate.swift in Sources */,
				BA3756B324584DC4001D616F /* AppDelegate+ValidationRules.swift in Sources */,
				BA7D5EBB2442F78400775FAD /* AppDelegate+OpenURLScheme.swift in Sources */,
				BADC930D2441433300FC4E63 /* UIView+.swift in Sources */,
				BA7D5EC824435E0600775FAD /* ContactUsViewController.swift in Sources */,
				BA0808D0246F841A00C6A01C /* BusinessCheckinViewModel.swift in Sources */,
				BADC93102441577900FC4E63 /* BusinessQRViewController.swift in Sources */,
				BAFBEA322443FFB100B5D946 /* CATextFieldFloatingLabel.swift in Sources */,
				BACE53E0243B35AE00A2F6A4 /* AppDelegate.swift in Sources */,
				BAFBEA2D2443FEDE00B5D946 /* CATextField.swift in Sources */,
				BA52AA12247154FF00967AA2 /* BusinessCheckin.swift in Sources */,
				BACE53E2243B35AE00A2F6A4 /* SceneDelegate.swift in Sources */,
				BADAEAE2243DD45800C2A1C9 /* UIViewController+Alert.swift in Sources */,
				BA1DE5B7244C1CA200B9C36A /* PrimaryButton.swift in Sources */,
			);
			runOnlyForDeploymentPostprocessing = 0;
		};
		BACE53EE243B35AF00A2F6A4 /* Sources */ = {
			isa = PBXSourcesBuildPhase;
			buildActionMask = 2147483647;
			files = (
				BACE53F7243B35AF00A2F6A4 /* StaySafeTests.swift in Sources */,
			);
			runOnlyForDeploymentPostprocessing = 0;
		};
		BACE53F9243B35AF00A2F6A4 /* Sources */ = {
			isa = PBXSourcesBuildPhase;
			buildActionMask = 2147483647;
			files = (
				BACE5402243B35AF00A2F6A4 /* StaySafeUITests.swift in Sources */,
			);
			runOnlyForDeploymentPostprocessing = 0;
		};
/* End PBXSourcesBuildPhase section */

/* Begin PBXTargetDependency section */
		BACE53F4243B35AF00A2F6A4 /* PBXTargetDependency */ = {
			isa = PBXTargetDependency;
			target = BACE53DB243B35AE00A2F6A4 /* StaySafe */;
			targetProxy = BACE53F3243B35AF00A2F6A4 /* PBXContainerItemProxy */;
		};
		BACE53FF243B35AF00A2F6A4 /* PBXTargetDependency */ = {
			isa = PBXTargetDependency;
			target = BACE53DB243B35AE00A2F6A4 /* StaySafe */;
			targetProxy = BACE53FE243B35AF00A2F6A4 /* PBXContainerItemProxy */;
		};
/* End PBXTargetDependency section */

/* Begin PBXVariantGroup section */
		BACE53EA243B35AF00A2F6A4 /* LaunchScreen.storyboard */ = {
			isa = PBXVariantGroup;
			children = (
				BACE53EB243B35AF00A2F6A4 /* Base */,
			);
			name = LaunchScreen.storyboard;
			sourceTree = "<group>";
		};
/* End PBXVariantGroup section */

/* Begin XCBuildConfiguration section */
		BACE5404243B35AF00A2F6A4 /* Debug */ = {
			isa = XCBuildConfiguration;
			buildSettings = {
				ALWAYS_SEARCH_USER_PATHS = NO;
				CLANG_ANALYZER_NONNULL = YES;
				CLANG_ANALYZER_NUMBER_OBJECT_CONVERSION = YES_AGGRESSIVE;
				CLANG_CXX_LANGUAGE_STANDARD = "gnu++14";
				CLANG_CXX_LIBRARY = "libc++";
				CLANG_ENABLE_MODULES = YES;
				CLANG_ENABLE_OBJC_ARC = YES;
				CLANG_ENABLE_OBJC_WEAK = YES;
				CLANG_WARN_BLOCK_CAPTURE_AUTORELEASING = YES;
				CLANG_WARN_BOOL_CONVERSION = YES;
				CLANG_WARN_COMMA = YES;
				CLANG_WARN_CONSTANT_CONVERSION = YES;
				CLANG_WARN_DEPRECATED_OBJC_IMPLEMENTATIONS = YES;
				CLANG_WARN_DIRECT_OBJC_ISA_USAGE = YES_ERROR;
				CLANG_WARN_DOCUMENTATION_COMMENTS = YES;
				CLANG_WARN_EMPTY_BODY = YES;
				CLANG_WARN_ENUM_CONVERSION = YES;
				CLANG_WARN_INFINITE_RECURSION = YES;
				CLANG_WARN_INT_CONVERSION = YES;
				CLANG_WARN_NON_LITERAL_NULL_CONVERSION = YES;
				CLANG_WARN_OBJC_IMPLICIT_RETAIN_SELF = YES;
				CLANG_WARN_OBJC_LITERAL_CONVERSION = YES;
				CLANG_WARN_OBJC_ROOT_CLASS = YES_ERROR;
				CLANG_WARN_RANGE_LOOP_ANALYSIS = YES;
				CLANG_WARN_STRICT_PROTOTYPES = YES;
				CLANG_WARN_SUSPICIOUS_MOVE = YES;
				CLANG_WARN_UNGUARDED_AVAILABILITY = YES_AGGRESSIVE;
				CLANG_WARN_UNREACHABLE_CODE = YES;
				CLANG_WARN__DUPLICATE_METHOD_MATCH = YES;
				COPY_PHASE_STRIP = NO;
				DEBUG_INFORMATION_FORMAT = dwarf;
				ENABLE_STRICT_OBJC_MSGSEND = YES;
				ENABLE_TESTABILITY = YES;
				GCC_C_LANGUAGE_STANDARD = gnu11;
				GCC_DYNAMIC_NO_PIC = NO;
				GCC_NO_COMMON_BLOCKS = YES;
				GCC_OPTIMIZATION_LEVEL = 0;
				GCC_PREPROCESSOR_DEFINITIONS = (
					"DEBUG=1",
					"$(inherited)",
				);
				GCC_WARN_64_TO_32_BIT_CONVERSION = YES;
				GCC_WARN_ABOUT_RETURN_TYPE = YES_ERROR;
				GCC_WARN_UNDECLARED_SELECTOR = YES;
				GCC_WARN_UNINITIALIZED_AUTOS = YES_AGGRESSIVE;
				GCC_WARN_UNUSED_FUNCTION = YES;
				GCC_WARN_UNUSED_VARIABLE = YES;
				IPHONEOS_DEPLOYMENT_TARGET = 13.0;
				MTL_ENABLE_DEBUG_INFO = INCLUDE_SOURCE;
				MTL_FAST_MATH = YES;
				ONLY_ACTIVE_ARCH = YES;
				SDKROOT = iphoneos;
				SWIFT_ACTIVE_COMPILATION_CONDITIONS = DEBUG;
				SWIFT_OPTIMIZATION_LEVEL = "-Onone";
			};
			name = Debug;
		};
		BACE5405243B35AF00A2F6A4 /* Release */ = {
			isa = XCBuildConfiguration;
			buildSettings = {
				ALWAYS_SEARCH_USER_PATHS = NO;
				CLANG_ANALYZER_NONNULL = YES;
				CLANG_ANALYZER_NUMBER_OBJECT_CONVERSION = YES_AGGRESSIVE;
				CLANG_CXX_LANGUAGE_STANDARD = "gnu++14";
				CLANG_CXX_LIBRARY = "libc++";
				CLANG_ENABLE_MODULES = YES;
				CLANG_ENABLE_OBJC_ARC = YES;
				CLANG_ENABLE_OBJC_WEAK = YES;
				CLANG_WARN_BLOCK_CAPTURE_AUTORELEASING = YES;
				CLANG_WARN_BOOL_CONVERSION = YES;
				CLANG_WARN_COMMA = YES;
				CLANG_WARN_CONSTANT_CONVERSION = YES;
				CLANG_WARN_DEPRECATED_OBJC_IMPLEMENTATIONS = YES;
				CLANG_WARN_DIRECT_OBJC_ISA_USAGE = YES_ERROR;
				CLANG_WARN_DOCUMENTATION_COMMENTS = YES;
				CLANG_WARN_EMPTY_BODY = YES;
				CLANG_WARN_ENUM_CONVERSION = YES;
				CLANG_WARN_INFINITE_RECURSION = YES;
				CLANG_WARN_INT_CONVERSION = YES;
				CLANG_WARN_NON_LITERAL_NULL_CONVERSION = YES;
				CLANG_WARN_OBJC_IMPLICIT_RETAIN_SELF = YES;
				CLANG_WARN_OBJC_LITERAL_CONVERSION = YES;
				CLANG_WARN_OBJC_ROOT_CLASS = YES_ERROR;
				CLANG_WARN_RANGE_LOOP_ANALYSIS = YES;
				CLANG_WARN_STRICT_PROTOTYPES = YES;
				CLANG_WARN_SUSPICIOUS_MOVE = YES;
				CLANG_WARN_UNGUARDED_AVAILABILITY = YES_AGGRESSIVE;
				CLANG_WARN_UNREACHABLE_CODE = YES;
				CLANG_WARN__DUPLICATE_METHOD_MATCH = YES;
				COPY_PHASE_STRIP = NO;
				DEBUG_INFORMATION_FORMAT = "dwarf-with-dsym";
				ENABLE_NS_ASSERTIONS = NO;
				ENABLE_STRICT_OBJC_MSGSEND = YES;
				GCC_C_LANGUAGE_STANDARD = gnu11;
				GCC_NO_COMMON_BLOCKS = YES;
				GCC_WARN_64_TO_32_BIT_CONVERSION = YES;
				GCC_WARN_ABOUT_RETURN_TYPE = YES_ERROR;
				GCC_WARN_UNDECLARED_SELECTOR = YES;
				GCC_WARN_UNINITIALIZED_AUTOS = YES_AGGRESSIVE;
				GCC_WARN_UNUSED_FUNCTION = YES;
				GCC_WARN_UNUSED_VARIABLE = YES;
				IPHONEOS_DEPLOYMENT_TARGET = 13.0;
				MTL_ENABLE_DEBUG_INFO = NO;
				MTL_FAST_MATH = YES;
				SDKROOT = iphoneos;
				SWIFT_COMPILATION_MODE = wholemodule;
				SWIFT_OPTIMIZATION_LEVEL = "-O";
				VALIDATE_PRODUCT = YES;
			};
			name = Release;
		};
		BACE5407243B35AF00A2F6A4 /* Debug */ = {
			isa = XCBuildConfiguration;
			baseConfigurationReference = 035059FAFE58791F3639BE91 /* Pods-StaySafe.debug.xcconfig */;
			buildSettings = {
				ASSETCATALOG_COMPILER_APPICON_NAME = AppIcon;
				CODE_SIGN_ENTITLEMENTS = StaySafe/QRTracer.entitlements;
				CODE_SIGN_IDENTITY = "Apple Development";
				CODE_SIGN_STYLE = Automatic;
				CURRENT_PROJECT_VERSION = 2;
				DEVELOPMENT_TEAM = 473EN4MVVH;
				INFOPLIST_FILE = StaySafe/Info.plist;
				LD_RUNPATH_SEARCH_PATHS = (
					"$(inherited)",
					"@executable_path/Frameworks",
				);
				MARKETING_VERSION = 1.1.0;
				PRODUCT_BUNDLE_IDENTIFIER = nz.iprogram.qrtracer;
				PRODUCT_NAME = "QR Tracer";
				PROVISIONING_PROFILE_SPECIFIER = "";
				SWIFT_VERSION = 5.0;
				TARGETED_DEVICE_FAMILY = "1,2";
			};
			name = Debug;
		};
		BACE5408243B35AF00A2F6A4 /* Release */ = {
			isa = XCBuildConfiguration;
			baseConfigurationReference = E4D9E30547E7EAD8702C8BFC /* Pods-StaySafe.release.xcconfig */;
			buildSettings = {
				ASSETCATALOG_COMPILER_APPICON_NAME = AppIcon;
				CODE_SIGN_ENTITLEMENTS = StaySafe/QRTracer.entitlements;
				CODE_SIGN_IDENTITY = "Apple Development";
				CODE_SIGN_STYLE = Automatic;
				CURRENT_PROJECT_VERSION = 2;
				DEVELOPMENT_TEAM = 473EN4MVVH;
				INFOPLIST_FILE = StaySafe/Info.plist;
				LD_RUNPATH_SEARCH_PATHS = (
					"$(inherited)",
					"@executable_path/Frameworks",
				);
				MARKETING_VERSION = 1.1.0;
				PRODUCT_BUNDLE_IDENTIFIER = nz.iprogram.qrtracer;
				PRODUCT_NAME = "QR Tracer";
				PROVISIONING_PROFILE_SPECIFIER = "";
				SWIFT_VERSION = 5.0;
				TARGETED_DEVICE_FAMILY = "1,2";
			};
			name = Release;
		};
		BACE540A243B35AF00A2F6A4 /* Debug */ = {
			isa = XCBuildConfiguration;
			baseConfigurationReference = 2C5B0EF4ECAD40ECDBDEAEFA /* Pods-StaySafeTests.debug.xcconfig */;
			buildSettings = {
				BUNDLE_LOADER = "$(TEST_HOST)";
				CODE_SIGN_STYLE = Automatic;
				DEVELOPMENT_TEAM = 473EN4MVVH;
				INFOPLIST_FILE = StaySafeTests/Info.plist;
				IPHONEOS_DEPLOYMENT_TARGET = 13.4;
				LD_RUNPATH_SEARCH_PATHS = (
					"$(inherited)",
					"@executable_path/Frameworks",
					"@loader_path/Frameworks",
				);
				PRODUCT_BUNDLE_IDENTIFIER = nz.co.iprogram.StaySafeTests;
				PRODUCT_NAME = "$(TARGET_NAME)";
				SWIFT_VERSION = 5.0;
				TARGETED_DEVICE_FAMILY = "1,2";
				TEST_HOST = "$(BUILT_PRODUCTS_DIR)/StaySafe.app/StaySafe";
			};
			name = Debug;
		};
		BACE540B243B35AF00A2F6A4 /* Release */ = {
			isa = XCBuildConfiguration;
			baseConfigurationReference = 47DBC603263B2EAB3CE228F6 /* Pods-StaySafeTests.release.xcconfig */;
			buildSettings = {
				BUNDLE_LOADER = "$(TEST_HOST)";
				CODE_SIGN_STYLE = Automatic;
				DEVELOPMENT_TEAM = 473EN4MVVH;
				INFOPLIST_FILE = StaySafeTests/Info.plist;
				IPHONEOS_DEPLOYMENT_TARGET = 13.4;
				LD_RUNPATH_SEARCH_PATHS = (
					"$(inherited)",
					"@executable_path/Frameworks",
					"@loader_path/Frameworks",
				);
				PRODUCT_BUNDLE_IDENTIFIER = nz.co.iprogram.StaySafeTests;
				PRODUCT_NAME = "$(TARGET_NAME)";
				SWIFT_VERSION = 5.0;
				TARGETED_DEVICE_FAMILY = "1,2";
				TEST_HOST = "$(BUILT_PRODUCTS_DIR)/StaySafe.app/StaySafe";
			};
			name = Release;
		};
		BACE540D243B35AF00A2F6A4 /* Debug */ = {
			isa = XCBuildConfiguration;
			buildSettings = {
				CODE_SIGN_STYLE = Automatic;
				DEVELOPMENT_TEAM = 473EN4MVVH;
				INFOPLIST_FILE = StaySafeUITests/Info.plist;
				LD_RUNPATH_SEARCH_PATHS = (
					"$(inherited)",
					"@executable_path/Frameworks",
					"@loader_path/Frameworks",
				);
				PRODUCT_BUNDLE_IDENTIFIER = nz.co.iprogram.StaySafeUITests;
				PRODUCT_NAME = "$(TARGET_NAME)";
				SWIFT_VERSION = 5.0;
				TARGETED_DEVICE_FAMILY = "1,2";
				TEST_TARGET_NAME = StaySafe;
			};
			name = Debug;
		};
		BACE540E243B35AF00A2F6A4 /* Release */ = {
			isa = XCBuildConfiguration;
			buildSettings = {
				CODE_SIGN_STYLE = Automatic;
				DEVELOPMENT_TEAM = 473EN4MVVH;
				INFOPLIST_FILE = StaySafeUITests/Info.plist;
				LD_RUNPATH_SEARCH_PATHS = (
					"$(inherited)",
					"@executable_path/Frameworks",
					"@loader_path/Frameworks",
				);
				PRODUCT_BUNDLE_IDENTIFIER = nz.co.iprogram.StaySafeUITests;
				PRODUCT_NAME = "$(TARGET_NAME)";
				SWIFT_VERSION = 5.0;
				TARGETED_DEVICE_FAMILY = "1,2";
				TEST_TARGET_NAME = StaySafe;
			};
			name = Release;
		};
/* End XCBuildConfiguration section */

/* Begin XCConfigurationList section */
		BACE53D7243B35AE00A2F6A4 /* Build configuration list for PBXProject "StaySafe" */ = {
			isa = XCConfigurationList;
			buildConfigurations = (
				BACE5404243B35AF00A2F6A4 /* Debug */,
				BACE5405243B35AF00A2F6A4 /* Release */,
			);
			defaultConfigurationIsVisible = 0;
			defaultConfigurationName = Release;
		};
		BACE5406243B35AF00A2F6A4 /* Build configuration list for PBXNativeTarget "StaySafe" */ = {
			isa = XCConfigurationList;
			buildConfigurations = (
				BACE5407243B35AF00A2F6A4 /* Debug */,
				BACE5408243B35AF00A2F6A4 /* Release */,
			);
			defaultConfigurationIsVisible = 0;
			defaultConfigurationName = Release;
		};
		BACE5409243B35AF00A2F6A4 /* Build configuration list for PBXNativeTarget "StaySafeTests" */ = {
			isa = XCConfigurationList;
			buildConfigurations = (
				BACE540A243B35AF00A2F6A4 /* Debug */,
				BACE540B243B35AF00A2F6A4 /* Release */,
			);
			defaultConfigurationIsVisible = 0;
			defaultConfigurationName = Release;
		};
		BACE540C243B35AF00A2F6A4 /* Build configuration list for PBXNativeTarget "StaySafeUITests" */ = {
			isa = XCConfigurationList;
			buildConfigurations = (
				BACE540D243B35AF00A2F6A4 /* Debug */,
				BACE540E243B35AF00A2F6A4 /* Release */,
			);
			defaultConfigurationIsVisible = 0;
			defaultConfigurationName = Release;
		};
/* End XCConfigurationList section */

/* Begin XCVersionGroup section */
		BA33413C244006BD0095BBE7 /* DataModel.xcdatamodeld */ = {
			isa = XCVersionGroup;
			children = (
				BA33414524401CAA0095BBE7 /* DataModel 2.xcdatamodel */,
				BA33413D244006BD0095BBE7 /* DataModel.xcdatamodel */,
			);
			currentVersion = BA33413D244006BD0095BBE7 /* DataModel.xcdatamodel */;
			path = DataModel.xcdatamodeld;
			sourceTree = "<group>";
			versionGroupType = wrapper.xcdatamodel;
		};
/* End XCVersionGroup section */
	};
	rootObject = BACE53D4243B35AE00A2F6A4 /* Project object */;
}
